// !$*UTF8*$!
{
	archiveVersion = 1;
	classes = {
	};
	objectVersion = 50;
	objects = {

/* Begin PBXBuildFile section */
		AB519F602242C6CA00B27A8B /* AppDelegate.swift in Sources */ = {isa = PBXBuildFile; fileRef = AB519F5F2242C6CA00B27A8B /* AppDelegate.swift */; };
		AB519F622242C6CA00B27A8B /* art.scnassets in Resources */ = {isa = PBXBuildFile; fileRef = AB519F612242C6CA00B27A8B /* art.scnassets */; };
		AB519F642242C6CA00B27A8B /* ViewController.swift in Sources */ = {isa = PBXBuildFile; fileRef = AB519F632242C6CA00B27A8B /* ViewController.swift */; };
		AB519F672242C6CA00B27A8B /* Main.storyboard in Resources */ = {isa = PBXBuildFile; fileRef = AB519F652242C6CA00B27A8B /* Main.storyboard */; };
		AB519F692242C6CB00B27A8B /* Assets.xcassets in Resources */ = {isa = PBXBuildFile; fileRef = AB519F682242C6CB00B27A8B /* Assets.xcassets */; };
		AB519F6C2242C6CB00B27A8B /* LaunchScreen.storyboard in Resources */ = {isa = PBXBuildFile; fileRef = AB519F6A2242C6CB00B27A8B /* LaunchScreen.storyboard */; };
		AB519F772242C6CB00B27A8B /* ScannARTests.swift in Sources */ = {isa = PBXBuildFile; fileRef = AB519F762242C6CB00B27A8B /* ScannARTests.swift */; };
		AB519F822242C6CB00B27A8B /* ScannARUITests.swift in Sources */ = {isa = PBXBuildFile; fileRef = AB519F812242C6CB00B27A8B /* ScannARUITests.swift */; };
/* End PBXBuildFile section */

/* Begin PBXContainerItemProxy section */
		AB519F732242C6CB00B27A8B /* PBXContainerItemProxy */ = {
			isa = PBXContainerItemProxy;
			containerPortal = AB519F542242C6CA00B27A8B /* Project object */;
			proxyType = 1;
			remoteGlobalIDString = AB519F5B2242C6CA00B27A8B;
			remoteInfo = ScannAR;
		};
		AB519F7E2242C6CB00B27A8B /* PBXContainerItemProxy */ = {
			isa = PBXContainerItemProxy;
			containerPortal = AB519F542242C6CA00B27A8B /* Project object */;
			proxyType = 1;
			remoteGlobalIDString = AB519F5B2242C6CA00B27A8B;
			remoteInfo = ScannAR;
		};
/* End PBXContainerItemProxy section */

/* Begin PBXFileReference section */
		AB519F5C2242C6CA00B27A8B /* ScannAR.app */ = {isa = PBXFileReference; explicitFileType = wrapper.application; includeInIndex = 0; path = ScannAR.app; sourceTree = BUILT_PRODUCTS_DIR; };
		AB519F5F2242C6CA00B27A8B /* AppDelegate.swift */ = {isa = PBXFileReference; lastKnownFileType = sourcecode.swift; path = AppDelegate.swift; sourceTree = "<group>"; };
		AB519F612242C6CA00B27A8B /* art.scnassets */ = {isa = PBXFileReference; lastKnownFileType = wrapper.scnassets; path = art.scnassets; sourceTree = "<group>"; };
		AB519F632242C6CA00B27A8B /* ViewController.swift */ = {isa = PBXFileReference; lastKnownFileType = sourcecode.swift; path = ViewController.swift; sourceTree = "<group>"; };
		AB519F662242C6CA00B27A8B /* Base */ = {isa = PBXFileReference; lastKnownFileType = file.storyboard; name = Base; path = Base.lproj/Main.storyboard; sourceTree = "<group>"; };
		AB519F682242C6CB00B27A8B /* Assets.xcassets */ = {isa = PBXFileReference; lastKnownFileType = folder.assetcatalog; path = Assets.xcassets; sourceTree = "<group>"; };
		AB519F6B2242C6CB00B27A8B /* Base */ = {isa = PBXFileReference; lastKnownFileType = file.storyboard; name = Base; path = Base.lproj/LaunchScreen.storyboard; sourceTree = "<group>"; };
		AB519F6D2242C6CB00B27A8B /* Info.plist */ = {isa = PBXFileReference; lastKnownFileType = text.plist.xml; path = Info.plist; sourceTree = "<group>"; };
		AB519F722242C6CB00B27A8B /* ScannARTests.xctest */ = {isa = PBXFileReference; explicitFileType = wrapper.cfbundle; includeInIndex = 0; path = ScannARTests.xctest; sourceTree = BUILT_PRODUCTS_DIR; };
		AB519F762242C6CB00B27A8B /* ScannARTests.swift */ = {isa = PBXFileReference; lastKnownFileType = sourcecode.swift; path = ScannARTests.swift; sourceTree = "<group>"; };
		AB519F782242C6CB00B27A8B /* Info.plist */ = {isa = PBXFileReference; lastKnownFileType = text.plist.xml; path = Info.plist; sourceTree = "<group>"; };
		AB519F7D2242C6CB00B27A8B /* ScannARUITests.xctest */ = {isa = PBXFileReference; explicitFileType = wrapper.cfbundle; includeInIndex = 0; path = ScannARUITests.xctest; sourceTree = BUILT_PRODUCTS_DIR; };
		AB519F812242C6CB00B27A8B /* ScannARUITests.swift */ = {isa = PBXFileReference; lastKnownFileType = sourcecode.swift; path = ScannARUITests.swift; sourceTree = "<group>"; };
		AB519F832242C6CB00B27A8B /* Info.plist */ = {isa = PBXFileReference; lastKnownFileType = text.plist.xml; path = Info.plist; sourceTree = "<group>"; };
/* End PBXFileReference section */

/* Begin PBXFrameworksBuildPhase section */
		AB519F592242C6CA00B27A8B /* Frameworks */ = {
			isa = PBXFrameworksBuildPhase;
			buildActionMask = 2147483647;
			files = (
			);
			runOnlyForDeploymentPostprocessing = 0;
		};
		AB519F6F2242C6CB00B27A8B /* Frameworks */ = {
			isa = PBXFrameworksBuildPhase;
			buildActionMask = 2147483647;
			files = (
			);
			runOnlyForDeploymentPostprocessing = 0;
		};
		AB519F7A2242C6CB00B27A8B /* Frameworks */ = {
			isa = PBXFrameworksBuildPhase;
			buildActionMask = 2147483647;
			files = (
			);
			runOnlyForDeploymentPostprocessing = 0;
		};
/* End PBXFrameworksBuildPhase section */

/* Begin PBXGroup section */
		AB519F532242C6CA00B27A8B = {
			isa = PBXGroup;
			children = (
				AB519F5E2242C6CA00B27A8B /* ScannAR */,
				AB519F752242C6CB00B27A8B /* ScannARTests */,
				AB519F802242C6CB00B27A8B /* ScannARUITests */,
				AB519F5D2242C6CA00B27A8B /* Products */,
			);
			sourceTree = "<group>";
		};
		AB519F5D2242C6CA00B27A8B /* Products */ = {
			isa = PBXGroup;
			children = (
				AB519F5C2242C6CA00B27A8B /* ScannAR.app */,
				AB519F722242C6CB00B27A8B /* ScannARTests.xctest */,
				AB519F7D2242C6CB00B27A8B /* ScannARUITests.xctest */,
			);
			name = Products;
			sourceTree = "<group>";
		};
		AB519F5E2242C6CA00B27A8B /* ScannAR */ = {
			isa = PBXGroup;
			children = (
				AB519F5F2242C6CA00B27A8B /* AppDelegate.swift */,
				AB519F612242C6CA00B27A8B /* art.scnassets */,
				AB519F632242C6CA00B27A8B /* ViewController.swift */,
				AB519F652242C6CA00B27A8B /* Main.storyboard */,
				AB519F682242C6CB00B27A8B /* Assets.xcassets */,
				AB519F6A2242C6CB00B27A8B /* LaunchScreen.storyboard */,
				AB519F6D2242C6CB00B27A8B /* Info.plist */,
			);
			path = ScannAR;
			sourceTree = "<group>";
		};
		AB519F752242C6CB00B27A8B /* ScannARTests */ = {
			isa = PBXGroup;
			children = (
				AB519F762242C6CB00B27A8B /* ScannARTests.swift */,
				AB519F782242C6CB00B27A8B /* Info.plist */,
			);
			path = ScannARTests;
			sourceTree = "<group>";
		};
		AB519F802242C6CB00B27A8B /* ScannARUITests */ = {
			isa = PBXGroup;
			children = (
				AB519F812242C6CB00B27A8B /* ScannARUITests.swift */,
				AB519F832242C6CB00B27A8B /* Info.plist */,
			);
			path = ScannARUITests;
			sourceTree = "<group>";
		};
/* End PBXGroup section */

/* Begin PBXNativeTarget section */
		AB519F5B2242C6CA00B27A8B /* ScannAR */ = {
			isa = PBXNativeTarget;
			buildConfigurationList = AB519F862242C6CB00B27A8B /* Build configuration list for PBXNativeTarget "ScannAR" */;
			buildPhases = (
				AB519F582242C6CA00B27A8B /* Sources */,
				AB519F592242C6CA00B27A8B /* Frameworks */,
				AB519F5A2242C6CA00B27A8B /* Resources */,
			);
			buildRules = (
			);
			dependencies = (
			);
			name = ScannAR;
			productName = ScannAR;
			productReference = AB519F5C2242C6CA00B27A8B /* ScannAR.app */;
			productType = "com.apple.product-type.application";
		};
		AB519F712242C6CB00B27A8B /* ScannARTests */ = {
			isa = PBXNativeTarget;
			buildConfigurationList = AB519F892242C6CB00B27A8B /* Build configuration list for PBXNativeTarget "ScannARTests" */;
			buildPhases = (
				AB519F6E2242C6CB00B27A8B /* Sources */,
				AB519F6F2242C6CB00B27A8B /* Frameworks */,
				AB519F702242C6CB00B27A8B /* Resources */,
			);
			buildRules = (
			);
			dependencies = (
				AB519F742242C6CB00B27A8B /* PBXTargetDependency */,
			);
			name = ScannARTests;
			productName = ScannARTests;
			productReference = AB519F722242C6CB00B27A8B /* ScannARTests.xctest */;
			productType = "com.apple.product-type.bundle.unit-test";
		};
		AB519F7C2242C6CB00B27A8B /* ScannARUITests */ = {
			isa = PBXNativeTarget;
			buildConfigurationList = AB519F8C2242C6CB00B27A8B /* Build configuration list for PBXNativeTarget "ScannARUITests" */;
			buildPhases = (
				AB519F792242C6CB00B27A8B /* Sources */,
				AB519F7A2242C6CB00B27A8B /* Frameworks */,
				AB519F7B2242C6CB00B27A8B /* Resources */,
			);
			buildRules = (
			);
			dependencies = (
				AB519F7F2242C6CB00B27A8B /* PBXTargetDependency */,
			);
			name = ScannARUITests;
			productName = ScannARUITests;
			productReference = AB519F7D2242C6CB00B27A8B /* ScannARUITests.xctest */;
			productType = "com.apple.product-type.bundle.ui-testing";
		};
/* End PBXNativeTarget section */

/* Begin PBXProject section */
		AB519F542242C6CA00B27A8B /* Project object */ = {
			isa = PBXProject;
			attributes = {
				LastSwiftUpdateCheck = 1010;
				LastUpgradeCheck = 1010;
				ORGANIZATIONNAME = "ScannAR Team";
				TargetAttributes = {
					AB519F5B2242C6CA00B27A8B = {
						CreatedOnToolsVersion = 10.1;
					};
					AB519F712242C6CB00B27A8B = {
						CreatedOnToolsVersion = 10.1;
						TestTargetID = AB519F5B2242C6CA00B27A8B;
					};
					AB519F7C2242C6CB00B27A8B = {
						CreatedOnToolsVersion = 10.1;
						TestTargetID = AB519F5B2242C6CA00B27A8B;
					};
				};
			};
			buildConfigurationList = AB519F572242C6CA00B27A8B /* Build configuration list for PBXProject "ScannAR" */;
			compatibilityVersion = "Xcode 9.3";
			developmentRegion = en;
			hasScannedForEncodings = 0;
			knownRegions = (
				en,
				Base,
			);
			mainGroup = AB519F532242C6CA00B27A8B;
			productRefGroup = AB519F5D2242C6CA00B27A8B /* Products */;
			projectDirPath = "";
			projectRoot = "";
			targets = (
				AB519F5B2242C6CA00B27A8B /* ScannAR */,
				AB519F712242C6CB00B27A8B /* ScannARTests */,
				AB519F7C2242C6CB00B27A8B /* ScannARUITests */,
			);
		};
/* End PBXProject section */

/* Begin PBXResourcesBuildPhase section */
		AB519F5A2242C6CA00B27A8B /* Resources */ = {
			isa = PBXResourcesBuildPhase;
			buildActionMask = 2147483647;
			files = (
				AB519F622242C6CA00B27A8B /* art.scnassets in Resources */,
				AB519F6C2242C6CB00B27A8B /* LaunchScreen.storyboard in Resources */,
				AB519F692242C6CB00B27A8B /* Assets.xcassets in Resources */,
				AB519F672242C6CA00B27A8B /* Main.storyboard in Resources */,
			);
			runOnlyForDeploymentPostprocessing = 0;
		};
		AB519F702242C6CB00B27A8B /* Resources */ = {
			isa = PBXResourcesBuildPhase;
			buildActionMask = 2147483647;
			files = (
			);
			runOnlyForDeploymentPostprocessing = 0;
		};
		AB519F7B2242C6CB00B27A8B /* Resources */ = {
			isa = PBXResourcesBuildPhase;
			buildActionMask = 2147483647;
			files = (
			);
			runOnlyForDeploymentPostprocessing = 0;
		};
/* End PBXResourcesBuildPhase section */

/* Begin PBXSourcesBuildPhase section */
		AB519F582242C6CA00B27A8B /* Sources */ = {
			isa = PBXSourcesBuildPhase;
			buildActionMask = 2147483647;
			files = (
				AB519F642242C6CA00B27A8B /* ViewController.swift in Sources */,
				AB519F602242C6CA00B27A8B /* AppDelegate.swift in Sources */,
			);
			runOnlyForDeploymentPostprocessing = 0;
		};
		AB519F6E2242C6CB00B27A8B /* Sources */ = {
			isa = PBXSourcesBuildPhase;
			buildActionMask = 2147483647;
			files = (
				AB519F772242C6CB00B27A8B /* ScannARTests.swift in Sources */,
			);
			runOnlyForDeploymentPostprocessing = 0;
		};
		AB519F792242C6CB00B27A8B /* Sources */ = {
			isa = PBXSourcesBuildPhase;
			buildActionMask = 2147483647;
			files = (
				AB519F822242C6CB00B27A8B /* ScannARUITests.swift in Sources */,
			);
			runOnlyForDeploymentPostprocessing = 0;
		};
/* End PBXSourcesBuildPhase section */

/* Begin PBXTargetDependency section */
		AB519F742242C6CB00B27A8B /* PBXTargetDependency */ = {
			isa = PBXTargetDependency;
			target = AB519F5B2242C6CA00B27A8B /* ScannAR */;
			targetProxy = AB519F732242C6CB00B27A8B /* PBXContainerItemProxy */;
		};
		AB519F7F2242C6CB00B27A8B /* PBXTargetDependency */ = {
			isa = PBXTargetDependency;
			target = AB519F5B2242C6CA00B27A8B /* ScannAR */;
			targetProxy = AB519F7E2242C6CB00B27A8B /* PBXContainerItemProxy */;
		};
/* End PBXTargetDependency section */

/* Begin PBXVariantGroup section */
		AB519F652242C6CA00B27A8B /* Main.storyboard */ = {
			isa = PBXVariantGroup;
			children = (
				AB519F662242C6CA00B27A8B /* Base */,
			);
			name = Main.storyboard;
			sourceTree = "<group>";
		};
		AB519F6A2242C6CB00B27A8B /* LaunchScreen.storyboard */ = {
			isa = PBXVariantGroup;
			children = (
				AB519F6B2242C6CB00B27A8B /* Base */,
			);
			name = LaunchScreen.storyboard;
			sourceTree = "<group>";
		};
/* End PBXVariantGroup section */

/* Begin XCBuildConfiguration section */
		AB519F842242C6CB00B27A8B /* Debug */ = {
			isa = XCBuildConfiguration;
			buildSettings = {
				ALWAYS_SEARCH_USER_PATHS = NO;
				CLANG_ANALYZER_NONNULL = YES;
				CLANG_ANALYZER_NUMBER_OBJECT_CONVERSION = YES_AGGRESSIVE;
				CLANG_CXX_LANGUAGE_STANDARD = "gnu++14";
				CLANG_CXX_LIBRARY = "libc++";
				CLANG_ENABLE_MODULES = YES;
				CLANG_ENABLE_OBJC_ARC = YES;
				CLANG_ENABLE_OBJC_WEAK = YES;
				CLANG_WARN_BLOCK_CAPTURE_AUTORELEASING = YES;
				CLANG_WARN_BOOL_CONVERSION = YES;
				CLANG_WARN_COMMA = YES;
				CLANG_WARN_CONSTANT_CONVERSION = YES;
				CLANG_WARN_DEPRECATED_OBJC_IMPLEMENTATIONS = YES;
				CLANG_WARN_DIRECT_OBJC_ISA_USAGE = YES_ERROR;
				CLANG_WARN_DOCUMENTATION_COMMENTS = YES;
				CLANG_WARN_EMPTY_BODY = YES;
				CLANG_WARN_ENUM_CONVERSION = YES;
				CLANG_WARN_INFINITE_RECURSION = YES;
				CLANG_WARN_INT_CONVERSION = YES;
				CLANG_WARN_NON_LITERAL_NULL_CONVERSION = YES;
				CLANG_WARN_OBJC_IMPLICIT_RETAIN_SELF = YES;
				CLANG_WARN_OBJC_LITERAL_CONVERSION = YES;
				CLANG_WARN_OBJC_ROOT_CLASS = YES_ERROR;
				CLANG_WARN_RANGE_LOOP_ANALYSIS = YES;
				CLANG_WARN_STRICT_PROTOTYPES = YES;
				CLANG_WARN_SUSPICIOUS_MOVE = YES;
				CLANG_WARN_UNGUARDED_AVAILABILITY = YES_AGGRESSIVE;
				CLANG_WARN_UNREACHABLE_CODE = YES;
				CLANG_WARN__DUPLICATE_METHOD_MATCH = YES;
				CODE_SIGN_IDENTITY = "iPhone Developer";
				COPY_PHASE_STRIP = NO;
				DEBUG_INFORMATION_FORMAT = dwarf;
				ENABLE_STRICT_OBJC_MSGSEND = YES;
				ENABLE_TESTABILITY = YES;
				GCC_C_LANGUAGE_STANDARD = gnu11;
				GCC_DYNAMIC_NO_PIC = NO;
				GCC_NO_COMMON_BLOCKS = YES;
				GCC_OPTIMIZATION_LEVEL = 0;
				GCC_PREPROCESSOR_DEFINITIONS = (
					"DEBUG=1",
					"$(inherited)",
				);
				GCC_WARN_64_TO_32_BIT_CONVERSION = YES;
				GCC_WARN_ABOUT_RETURN_TYPE = YES_ERROR;
				GCC_WARN_UNDECLARED_SELECTOR = YES;
				GCC_WARN_UNINITIALIZED_AUTOS = YES_AGGRESSIVE;
				GCC_WARN_UNUSED_FUNCTION = YES;
				GCC_WARN_UNUSED_VARIABLE = YES;
				IPHONEOS_DEPLOYMENT_TARGET = 12.1;
				MTL_ENABLE_DEBUG_INFO = INCLUDE_SOURCE;
				MTL_FAST_MATH = YES;
				ONLY_ACTIVE_ARCH = YES;
				SDKROOT = iphoneos;
				SWIFT_ACTIVE_COMPILATION_CONDITIONS = DEBUG;
				SWIFT_OPTIMIZATION_LEVEL = "-Onone";
			};
			name = Debug;
		};
		AB519F852242C6CB00B27A8B /* Release */ = {
			isa = XCBuildConfiguration;
			buildSettings = {
				ALWAYS_SEARCH_USER_PATHS = NO;
				CLANG_ANALYZER_NONNULL = YES;
				CLANG_ANALYZER_NUMBER_OBJECT_CONVERSION = YES_AGGRESSIVE;
				CLANG_CXX_LANGUAGE_STANDARD = "gnu++14";
				CLANG_CXX_LIBRARY = "libc++";
				CLANG_ENABLE_MODULES = YES;
				CLANG_ENABLE_OBJC_ARC = YES;
				CLANG_ENABLE_OBJC_WEAK = YES;
				CLANG_WARN_BLOCK_CAPTURE_AUTORELEASING = YES;
				CLANG_WARN_BOOL_CONVERSION = YES;
				CLANG_WARN_COMMA = YES;
				CLANG_WARN_CONSTANT_CONVERSION = YES;
				CLANG_WARN_DEPRECATED_OBJC_IMPLEMENTATIONS = YES;
				CLANG_WARN_DIRECT_OBJC_ISA_USAGE = YES_ERROR;
				CLANG_WARN_DOCUMENTATION_COMMENTS = YES;
				CLANG_WARN_EMPTY_BODY = YES;
				CLANG_WARN_ENUM_CONVERSION = YES;
				CLANG_WARN_INFINITE_RECURSION = YES;
				CLANG_WARN_INT_CONVERSION = YES;
				CLANG_WARN_NON_LITERAL_NULL_CONVERSION = YES;
				CLANG_WARN_OBJC_IMPLICIT_RETAIN_SELF = YES;
				CLANG_WARN_OBJC_LITERAL_CONVERSION = YES;
				CLANG_WARN_OBJC_ROOT_CLASS = YES_ERROR;
				CLANG_WARN_RANGE_LOOP_ANALYSIS = YES;
				CLANG_WARN_STRICT_PROTOTYPES = YES;
				CLANG_WARN_SUSPICIOUS_MOVE = YES;
				CLANG_WARN_UNGUARDED_AVAILABILITY = YES_AGGRESSIVE;
				CLANG_WARN_UNREACHABLE_CODE = YES;
				CLANG_WARN__DUPLICATE_METHOD_MATCH = YES;
				CODE_SIGN_IDENTITY = "iPhone Developer";
				COPY_PHASE_STRIP = NO;
				DEBUG_INFORMATION_FORMAT = "dwarf-with-dsym";
				ENABLE_NS_ASSERTIONS = NO;
				ENABLE_STRICT_OBJC_MSGSEND = YES;
				GCC_C_LANGUAGE_STANDARD = gnu11;
				GCC_NO_COMMON_BLOCKS = YES;
				GCC_WARN_64_TO_32_BIT_CONVERSION = YES;
				GCC_WARN_ABOUT_RETURN_TYPE = YES_ERROR;
				GCC_WARN_UNDECLARED_SELECTOR = YES;
				GCC_WARN_UNINITIALIZED_AUTOS = YES_AGGRESSIVE;
				GCC_WARN_UNUSED_FUNCTION = YES;
				GCC_WARN_UNUSED_VARIABLE = YES;
				IPHONEOS_DEPLOYMENT_TARGET = 12.1;
				MTL_ENABLE_DEBUG_INFO = NO;
				MTL_FAST_MATH = YES;
				SDKROOT = iphoneos;
				SWIFT_COMPILATION_MODE = wholemodule;
				SWIFT_OPTIMIZATION_LEVEL = "-O";
				VALIDATE_PRODUCT = YES;
			};
			name = Release;
		};
		AB519F872242C6CB00B27A8B /* Debug */ = {
			isa = XCBuildConfiguration;
			buildSettings = {
				ASSETCATALOG_COMPILER_APPICON_NAME = AppIcon;
				CODE_SIGN_STYLE = Automatic;
				INFOPLIST_FILE = ScannAR/Info.plist;
				LD_RUNPATH_SEARCH_PATHS = (
					"$(inherited)",
					"@executable_path/Frameworks",
				);
				PRODUCT_BUNDLE_IDENTIFIER = com.scannAR.ScannAR;
				PRODUCT_NAME = "$(TARGET_NAME)";
				SWIFT_VERSION = 4.2;
				TARGETED_DEVICE_FAMILY = "1,2";
			};
			name = Debug;
		};
		AB519F882242C6CB00B27A8B /* Release */ = {
			isa = XCBuildConfiguration;
			buildSettings = {
				ASSETCATALOG_COMPILER_APPICON_NAME = AppIcon;
				CODE_SIGN_STYLE = Automatic;
				INFOPLIST_FILE = ScannAR/Info.plist;
				LD_RUNPATH_SEARCH_PATHS = (
					"$(inherited)",
					"@executable_path/Frameworks",
				);
				PRODUCT_BUNDLE_IDENTIFIER = com.scannAR.ScannAR;
				PRODUCT_NAME = "$(TARGET_NAME)";
				SWIFT_VERSION = 4.2;
				TARGETED_DEVICE_FAMILY = "1,2";
			};
			name = Release;
		};
		AB519F8A2242C6CB00B27A8B /* Debug */ = {
			isa = XCBuildConfiguration;
			buildSettings = {
				ALWAYS_EMBED_SWIFT_STANDARD_LIBRARIES = YES;
				BUNDLE_LOADER = "$(TEST_HOST)";
				CODE_SIGN_STYLE = Automatic;
				INFOPLIST_FILE = ScannARTests/Info.plist;
				LD_RUNPATH_SEARCH_PATHS = (
					"$(inherited)",
					"@executable_path/Frameworks",
					"@loader_path/Frameworks",
				);
				PRODUCT_BUNDLE_IDENTIFIER = com.scannAR.ScannARTests;
				PRODUCT_NAME = "$(TARGET_NAME)";
				SWIFT_VERSION = 4.2;
				TARGETED_DEVICE_FAMILY = "1,2";
				TEST_HOST = "$(BUILT_PRODUCTS_DIR)/ScannAR.app/ScannAR";
			};
			name = Debug;
		};
		AB519F8B2242C6CB00B27A8B /* Release */ = {
			isa = XCBuildConfiguration;
			buildSettings = {
				ALWAYS_EMBED_SWIFT_STANDARD_LIBRARIES = YES;
				BUNDLE_LOADER = "$(TEST_HOST)";
				CODE_SIGN_STYLE = Automatic;
				INFOPLIST_FILE = ScannARTests/Info.plist;
				LD_RUNPATH_SEARCH_PATHS = (
					"$(inherited)",
					"@executable_path/Frameworks",
					"@loader_path/Frameworks",
				);
				PRODUCT_BUNDLE_IDENTIFIER = com.scannAR.ScannARTests;
				PRODUCT_NAME = "$(TARGET_NAME)";
				SWIFT_VERSION = 4.2;
				TARGETED_DEVICE_FAMILY = "1,2";
				TEST_HOST = "$(BUILT_PRODUCTS_DIR)/ScannAR.app/ScannAR";
			};
			name = Release;
		};
		AB519F8D2242C6CB00B27A8B /* Debug */ = {
			isa = XCBuildConfiguration;
			buildSettings = {
				ALWAYS_EMBED_SWIFT_STANDARD_LIBRARIES = YES;
				CODE_SIGN_STYLE = Automatic;
				INFOPLIST_FILE = ScannARUITests/Info.plist;
				LD_RUNPATH_SEARCH_PATHS = (
					"$(inherited)",
					"@executable_path/Frameworks",
					"@loader_path/Frameworks",
				);
				PRODUCT_BUNDLE_IDENTIFIER = com.scannAR.ScannARUITests;
				PRODUCT_NAME = "$(TARGET_NAME)";
				SWIFT_VERSION = 4.2;
				TARGETED_DEVICE_FAMILY = "1,2";
				TEST_TARGET_NAME = ScannAR;
			};
			name = Debug;
		};
		AB519F8E2242C6CB00B27A8B /* Release */ = {
			isa = XCBuildConfiguration;
			buildSettings = {
				ALWAYS_EMBED_SWIFT_STANDARD_LIBRARIES = YES;
				CODE_SIGN_STYLE = Automatic;
				INFOPLIST_FILE = ScannARUITests/Info.plist;
				LD_RUNPATH_SEARCH_PATHS = (
					"$(inherited)",
					"@executable_path/Frameworks",
					"@loader_path/Frameworks",
				);
				PRODUCT_BUNDLE_IDENTIFIER = com.scannAR.ScannARUITests;
				PRODUCT_NAME = "$(TARGET_NAME)";
				SWIFT_VERSION = 4.2;
				TARGETED_DEVICE_FAMILY = "1,2";
				TEST_TARGET_NAME = ScannAR;
			};
			name = Release;
		};
/* End XCBuildConfiguration section */

/* Begin XCConfigurationList section */
		AB519F572242C6CA00B27A8B /* Build configuration list for PBXProject "ScannAR" */ = {
			isa = XCConfigurationList;
			buildConfigurations = (
				AB519F842242C6CB00B27A8B /* Debug */,
				AB519F852242C6CB00B27A8B /* Release */,
			);
			defaultConfigurationIsVisible = 0;
			defaultConfigurationName = Release;
		};
		AB519F862242C6CB00B27A8B /* Build configuration list for PBXNativeTarget "ScannAR" */ = {
			isa = XCConfigurationList;
			buildConfigurations = (
				AB519F872242C6CB00B27A8B /* Debug */,
				AB519F882242C6CB00B27A8B /* Release */,
			);
			defaultConfigurationIsVisible = 0;
			defaultConfigurationName = Release;
		};
		AB519F892242C6CB00B27A8B /* Build configuration list for PBXNativeTarget "ScannARTests" */ = {
			isa = XCConfigurationList;
			buildConfigurations = (
				AB519F8A2242C6CB00B27A8B /* Debug */,
				AB519F8B2242C6CB00B27A8B /* Release */,
			);
			defaultConfigurationIsVisible = 0;
			defaultConfigurationName = Release;
		};
		AB519F8C2242C6CB00B27A8B /* Build configuration list for PBXNativeTarget "ScannARUITests" */ = {
			isa = XCConfigurationList;
			buildConfigurations = (
				AB519F8D2242C6CB00B27A8B /* Debug */,
				AB519F8E2242C6CB00B27A8B /* Release */,
			);
			defaultConfigurationIsVisible = 0;
			defaultConfigurationName = Release;
		};
/* End XCConfigurationList section */
	};
	rootObject = AB519F542242C6CA00B27A8B /* Project object */;
}
