// !$*UTF8*$!
{
	archiveVersion = 1;
	classes = {
	};
	objectVersion = 50;
	objects = {

/* Begin PBXBuildFile section */
		A55892391472DEEFA1A3DAC3 /* Pods_ScannAR.framework in Frameworks */ = {isa = PBXBuildFile; fileRef = 97499017E7DAF2275EA01119 /* Pods_ScannAR.framework */; };
		AB12DBA82242E50E00886A11 /* ARScanViewController.swift in Sources */ = {isa = PBXBuildFile; fileRef = AB12DBA72242E50E00886A11 /* ARScanViewController.swift */; };
		AB12DBAA2242E84F00886A11 /* ARScanViewController+Gestures.swift in Sources */ = {isa = PBXBuildFile; fileRef = AB12DBA92242E84F00886A11 /* ARScanViewController+Gestures.swift */; };
		AB12DBAC2242E8BB00886A11 /* ARScanViewController+ARSessionState.swift in Sources */ = {isa = PBXBuildFile; fileRef = AB12DBAB2242E8BB00886A11 /* ARScanViewController+ARSessionState.swift */; };
		AB12DBAE2242E8F500886A11 /* ARScanViewController+NavBar.swift in Sources */ = {isa = PBXBuildFile; fileRef = AB12DBAD2242E8F500886A11 /* ARScanViewController+NavBar.swift */; };
		AB12DBB02242E91200886A11 /* ARScanViewController+SessionInfo.swift in Sources */ = {isa = PBXBuildFile; fileRef = AB12DBAF2242E91200886A11 /* ARScanViewController+SessionInfo.swift */; };
		AB12DBB32242EA0E00886A11 /* ARScan.swift in Sources */ = {isa = PBXBuildFile; fileRef = AB12DBB22242EA0E00886A11 /* ARScan.swift */; };
		AB12DBB52242EA5D00886A11 /* ARObjectDetectTestController.swift in Sources */ = {isa = PBXBuildFile; fileRef = AB12DBB42242EA5D00886A11 /* ARObjectDetectTestController.swift */; };
		AB38DCCB22445E3E008DC8C0 /* Message.swift in Sources */ = {isa = PBXBuildFile; fileRef = AB38DCCA22445E3E008DC8C0 /* Message.swift */; };
		AB38DCCE22445E5E008DC8C0 /* MessageLabel.swift in Sources */ = {isa = PBXBuildFile; fileRef = AB38DCCD22445E5E008DC8C0 /* MessageLabel.swift */; };
		AB38DCD022445E9C008DC8C0 /* RoundedButton.swift in Sources */ = {isa = PBXBuildFile; fileRef = AB38DCCF22445E9C008DC8C0 /* RoundedButton.swift */; };
		AB38DCD222445EB7008DC8C0 /* FlashlightButton.swift in Sources */ = {isa = PBXBuildFile; fileRef = AB38DCD122445EB7008DC8C0 /* FlashlightButton.swift */; };
		AB38DCD422445F7C008DC8C0 /* ThresholdPanGestureRecognizer.swift in Sources */ = {isa = PBXBuildFile; fileRef = AB38DCD322445F7C008DC8C0 /* ThresholdPanGestureRecognizer.swift */; };
		AB38DCD622445F99008DC8C0 /* ThresholdPinchGestureRecognizer.swift in Sources */ = {isa = PBXBuildFile; fileRef = AB38DCD522445F99008DC8C0 /* ThresholdPinchGestureRecognizer.swift */; };
		AB38DCD822445FB5008DC8C0 /* ThresholdRotationGestureRecognizer.swift in Sources */ = {isa = PBXBuildFile; fileRef = AB38DCD722445FB5008DC8C0 /* ThresholdRotationGestureRecognizer.swift */; };
		AB38DCDB224460DD008DC8C0 /* ARCamera+TrackingState.swift in Sources */ = {isa = PBXBuildFile; fileRef = AB38DCDA224460DD008DC8C0 /* ARCamera+TrackingState.swift */; };
		AB38DCDD22446161008DC8C0 /* Helpers+Utilities.swift in Sources */ = {isa = PBXBuildFile; fileRef = AB38DCDC22446161008DC8C0 /* Helpers+Utilities.swift */; };
		AB38DCDF22446244008DC8C0 /* BoundingBox.swift in Sources */ = {isa = PBXBuildFile; fileRef = AB38DCDE22446244008DC8C0 /* BoundingBox.swift */; };
		AB38DCE122446254008DC8C0 /* DetectedBoundingBox.swift in Sources */ = {isa = PBXBuildFile; fileRef = AB38DCE022446254008DC8C0 /* DetectedBoundingBox.swift */; };
		AB38DCE32244626E008DC8C0 /* BoundingBoxSide.swift in Sources */ = {isa = PBXBuildFile; fileRef = AB38DCE22244626E008DC8C0 /* BoundingBoxSide.swift */; };
		AB38DCE52244627B008DC8C0 /* DetectedObject.swift in Sources */ = {isa = PBXBuildFile; fileRef = AB38DCE42244627B008DC8C0 /* DetectedObject.swift */; };
		AB38DCE722446287008DC8C0 /* DetectedPointCloud.swift in Sources */ = {isa = PBXBuildFile; fileRef = AB38DCE622446287008DC8C0 /* DetectedPointCloud.swift */; };
		AB38DCE922446295008DC8C0 /* ObjectOrigin.swift in Sources */ = {isa = PBXBuildFile; fileRef = AB38DCE822446295008DC8C0 /* ObjectOrigin.swift */; };
		AB38DCEB224462A4008DC8C0 /* ObjectOriginAxis.swift in Sources */ = {isa = PBXBuildFile; fileRef = AB38DCEA224462A4008DC8C0 /* ObjectOriginAxis.swift */; };
		AB38DCEF224462FD008DC8C0 /* PointCloud+CreateVisualization.swift in Sources */ = {isa = PBXBuildFile; fileRef = AB38DCEE224462FD008DC8C0 /* PointCloud+CreateVisualization.swift */; };
		AB38DCF12244630F008DC8C0 /* ScannedObject.swift in Sources */ = {isa = PBXBuildFile; fileRef = AB38DCF02244630F008DC8C0 /* ScannedObject.swift */; };
		AB38DCF322446324008DC8C0 /* ScannedPointCloud.swift in Sources */ = {isa = PBXBuildFile; fileRef = AB38DCF222446324008DC8C0 /* ScannedPointCloud.swift */; };
		AB38DCF522446339008DC8C0 /* Tile.swift in Sources */ = {isa = PBXBuildFile; fileRef = AB38DCF422446339008DC8C0 /* Tile.swift */; };
		AB38DCF722446347008DC8C0 /* WireFrame.swift in Sources */ = {isa = PBXBuildFile; fileRef = AB38DCF622446347008DC8C0 /* WireFrame.swift */; };
		AB38DCF922446380008DC8C0 /* BoundingBox+Snapping.swift in Sources */ = {isa = PBXBuildFile; fileRef = AB38DCF822446380008DC8C0 /* BoundingBox+Snapping.swift */; };
		AB38DD02224562D1008DC8C0 /* ARScanMenuScreenViewController.swift in Sources */ = {isa = PBXBuildFile; fileRef = AB38DD01224562D1008DC8C0 /* ARScanMenuScreenViewController.swift */; };
		AB38DD0422456379008DC8C0 /* ARDetectViewController.swift in Sources */ = {isa = PBXBuildFile; fileRef = AB38DD0322456379008DC8C0 /* ARDetectViewController.swift */; };
		AB38DD092245650F008DC8C0 /* LICENSE.txt in Resources */ = {isa = PBXBuildFile; fileRef = AB38DD082245650F008DC8C0 /* LICENSE.txt */; };
		AB46C545224B59960075EF30 /* AuthViewController.swift in Sources */ = {isa = PBXBuildFile; fileRef = AB46C544224B59960075EF30 /* AuthViewController.swift */; };
		AB519F602242C6CA00B27A8B /* AppDelegate.swift in Sources */ = {isa = PBXBuildFile; fileRef = AB519F5F2242C6CA00B27A8B /* AppDelegate.swift */; };
		AB519F622242C6CA00B27A8B /* art.scnassets in Resources */ = {isa = PBXBuildFile; fileRef = AB519F612242C6CA00B27A8B /* art.scnassets */; };
		AB519F672242C6CA00B27A8B /* Main.storyboard in Resources */ = {isa = PBXBuildFile; fileRef = AB519F652242C6CA00B27A8B /* Main.storyboard */; };
		AB519F692242C6CB00B27A8B /* Assets.xcassets in Resources */ = {isa = PBXBuildFile; fileRef = AB519F682242C6CB00B27A8B /* Assets.xcassets */; };
		AB519F6C2242C6CB00B27A8B /* LaunchScreen.storyboard in Resources */ = {isa = PBXBuildFile; fileRef = AB519F6A2242C6CB00B27A8B /* LaunchScreen.storyboard */; };
		AB519F772242C6CB00B27A8B /* ScannARTests.swift in Sources */ = {isa = PBXBuildFile; fileRef = AB519F762242C6CB00B27A8B /* ScannARTests.swift */; };
		AB519F822242C6CB00B27A8B /* ScannARUITests.swift in Sources */ = {isa = PBXBuildFile; fileRef = AB519F812242C6CB00B27A8B /* ScannARUITests.swift */; };
		ABB4C9EC2248BD7A0079E25D /* ARScan.storyboard in Resources */ = {isa = PBXBuildFile; fileRef = ABB4C9EE2248BD7A0079E25D /* ARScan.storyboard */; };
		ABC2C3B7224A857D0045A7D2 /* ScannARNetworkingController.swift in Sources */ = {isa = PBXBuildFile; fileRef = D1EAB1DA2242E14F00720412 /* ScannARNetworkingController.swift */; };
		ABC2C3B8224A857D0045A7D2 /* SavedARScansListViewController.swift in Sources */ = {isa = PBXBuildFile; fileRef = AB38DD0522456411008DC8C0 /* SavedARScansListViewController.swift */; };
		C28743A6DB52C5982AC7F7E0 /* Pods_ScannARTests.framework in Frameworks */ = {isa = PBXBuildFile; fileRef = 5EC70ED6367728869B15E014 /* Pods_ScannARTests.framework */; };
		D142BEE3224AACE400699881 /* ShipmentsCollectionViewCell.swift in Sources */ = {isa = PBXBuildFile; fileRef = D142BEE1224AACE400699881 /* ShipmentsCollectionViewCell.swift */; };
		D142BEE4224AACE400699881 /* ShipmentsCollectionViewCell.xib in Resources */ = {isa = PBXBuildFile; fileRef = D142BEE2224AACE400699881 /* ShipmentsCollectionViewCell.xib */; };
		D1698DAB224AF31400250E4D /* CoreDataImporter.swift in Sources */ = {isa = PBXBuildFile; fileRef = D1698DAA224AF31400250E4D /* CoreDataImporter.swift */; };
		D1698DB0224B14E700250E4D /* APICallType.swift in Sources */ = {isa = PBXBuildFile; fileRef = D1698DAF224B14E700250E4D /* APICallType.swift */; };
		D1698DB2224B2D5600250E4D /* HTTPMethod.swift in Sources */ = {isa = PBXBuildFile; fileRef = D1698DB1224B2D5600250E4D /* HTTPMethod.swift */; };
		D1EAB1D72242D64800720412 /* ProductsCollectionViewCell.swift in Sources */ = {isa = PBXBuildFile; fileRef = D1EAB1D52242D64800720412 /* ProductsCollectionViewCell.swift */; };
		D1EAB1D82242D64800720412 /* ProductsCollectionViewCell.xib in Resources */ = {isa = PBXBuildFile; fileRef = D1EAB1D62242D64800720412 /* ProductsCollectionViewCell.xib */; };
		D1EAB2042243B4CF00720412 /* ShipmentsDetailViewController.swift in Sources */ = {isa = PBXBuildFile; fileRef = D1EAB2032243B4CF00720412 /* ShipmentsDetailViewController.swift */; };
		D1EAB2062243B4E500720412 /* ShipmentsDetailViewController.storyboard in Resources */ = {isa = PBXBuildFile; fileRef = D1EAB2052243B4E500720412 /* ShipmentsDetailViewController.storyboard */; };
		D1EAB2082243B50B00720412 /* ProductDetailViewController.swift in Sources */ = {isa = PBXBuildFile; fileRef = D1EAB2072243B50B00720412 /* ProductDetailViewController.swift */; };
		D1EAB20A2243B51D00720412 /* ProductDetailViewController.storyboard in Resources */ = {isa = PBXBuildFile; fileRef = D1EAB2092243B51C00720412 /* ProductDetailViewController.storyboard */; };
		D1EAB2102243B67100720412 /* AccountViewController.swift in Sources */ = {isa = PBXBuildFile; fileRef = D1EAB20F2243B67100720412 /* AccountViewController.swift */; };
		D1EAB2122243B68300720412 /* AccountViewController.storyboard in Resources */ = {isa = PBXBuildFile; fileRef = D1EAB2112243B68300720412 /* AccountViewController.storyboard */; };
		D1EAB2142243B69900720412 /* SettingsViewController.swift in Sources */ = {isa = PBXBuildFile; fileRef = D1EAB2132243B69800720412 /* SettingsViewController.swift */; };
		D1EAB2162243B6AA00720412 /* SettingsViewController.storyboard in Resources */ = {isa = PBXBuildFile; fileRef = D1EAB2152243B6AA00720412 /* SettingsViewController.storyboard */; };
		D1EAB21C224405BE00720412 /* ScannARMainCollectionView.swift in Sources */ = {isa = PBXBuildFile; fileRef = D1EAB21B224405BE00720412 /* ScannARMainCollectionView.swift */; };
		D1EAB21E224405D700720412 /* ScannARMainViewController.swift in Sources */ = {isa = PBXBuildFile; fileRef = D1EAB21D224405D700720412 /* ScannARMainViewController.swift */; };
		D1EAB220224405F900720412 /* ScannARMainViewController.storyboard in Resources */ = {isa = PBXBuildFile; fileRef = D1EAB21F224405F900720412 /* ScannARMainViewController.storyboard */; };
		D1EAB2222244138D00720412 /* LoginViewController.swift in Sources */ = {isa = PBXBuildFile; fileRef = D1EAB2212244138D00720412 /* LoginViewController.swift */; };
		D1EAB2262244597D00720412 /* WalkthroughViewController.swift in Sources */ = {isa = PBXBuildFile; fileRef = D1EAB2252244597D00720412 /* WalkthroughViewController.swift */; };
		D1EAB229224555B300720412 /* ScannARMainNavigationController.swift in Sources */ = {isa = PBXBuildFile; fileRef = D1EAB228224555B300720412 /* ScannARMainNavigationController.swift */; };
		D1EAB22C224920C800720412 /* JSONWebToken.swift in Sources */ = {isa = PBXBuildFile; fileRef = D1EAB22B224920C800720412 /* JSONWebToken.swift */; };
		D1EAB2332249227800720412 /* ScannAR.xcdatamodeld in Sources */ = {isa = PBXBuildFile; fileRef = D1EAB2312249227800720412 /* ScannAR.xcdatamodeld */; };
		D1EAB23522492AC200720412 /* Product+Convenience.swift in Sources */ = {isa = PBXBuildFile; fileRef = D1EAB23422492AC200720412 /* Product+Convenience.swift */; };
		D1EAB23722492B0100720412 /* CoreDataStack.swift in Sources */ = {isa = PBXBuildFile; fileRef = D1EAB23622492B0100720412 /* CoreDataStack.swift */; };
		D1EAB23922492CEE00720412 /* Shipment+Convenience.swift in Sources */ = {isa = PBXBuildFile; fileRef = D1EAB23822492CEE00720412 /* Shipment+Convenience.swift */; };
		D1EAB23B22492D8200720412 /* ProductRepresentation.swift in Sources */ = {isa = PBXBuildFile; fileRef = D1EAB23A22492D8200720412 /* ProductRepresentation.swift */; };
		D1EAB23D22492D9700720412 /* ShipmentRepresentation.swift in Sources */ = {isa = PBXBuildFile; fileRef = D1EAB23C22492D9700720412 /* ShipmentRepresentation.swift */; };
		D1EAB23F224934E400720412 /* Product+Encodable.swift in Sources */ = {isa = PBXBuildFile; fileRef = D1EAB23E224934E400720412 /* Product+Encodable.swift */; };
		D1EAB2412249379D00720412 /* Shipment+Encodable.swift in Sources */ = {isa = PBXBuildFile; fileRef = D1EAB2402249379D00720412 /* Shipment+Encodable.swift */; };
		DADF1223DAC5E49F71E288EE /* Pods_ScannARUITests.framework in Frameworks */ = {isa = PBXBuildFile; fileRef = 9C765D2FB588D9FA6DD04870 /* Pods_ScannARUITests.framework */; };
/* End PBXBuildFile section */

/* Begin PBXContainerItemProxy section */
		AB519F732242C6CB00B27A8B /* PBXContainerItemProxy */ = {
			isa = PBXContainerItemProxy;
			containerPortal = AB519F542242C6CA00B27A8B /* Project object */;
			proxyType = 1;
			remoteGlobalIDString = AB519F5B2242C6CA00B27A8B;
			remoteInfo = ScannAR;
		};
		AB519F7E2242C6CB00B27A8B /* PBXContainerItemProxy */ = {
			isa = PBXContainerItemProxy;
			containerPortal = AB519F542242C6CA00B27A8B /* Project object */;
			proxyType = 1;
			remoteGlobalIDString = AB519F5B2242C6CA00B27A8B;
			remoteInfo = ScannAR;
		};
/* End PBXContainerItemProxy section */

/* Begin PBXFileReference section */
		13E81132AFEE9F69F169A854 /* Pods-ScannARTests.debug.xcconfig */ = {isa = PBXFileReference; includeInIndex = 1; lastKnownFileType = text.xcconfig; name = "Pods-ScannARTests.debug.xcconfig"; path = "Target Support Files/Pods-ScannARTests/Pods-ScannARTests.debug.xcconfig"; sourceTree = "<group>"; };
		26ACD0EC6BC7F68E25CE8B93 /* Pods-ScannARUITests.release.xcconfig */ = {isa = PBXFileReference; includeInIndex = 1; lastKnownFileType = text.xcconfig; name = "Pods-ScannARUITests.release.xcconfig"; path = "Target Support Files/Pods-ScannARUITests/Pods-ScannARUITests.release.xcconfig"; sourceTree = "<group>"; };
		3DE19E56F1985A9EAA554933 /* Pods-ScannARUITests.debug.xcconfig */ = {isa = PBXFileReference; includeInIndex = 1; lastKnownFileType = text.xcconfig; name = "Pods-ScannARUITests.debug.xcconfig"; path = "Target Support Files/Pods-ScannARUITests/Pods-ScannARUITests.debug.xcconfig"; sourceTree = "<group>"; };
		545258C2D3EFFD5C41F33DE7 /* Pods-ScannAR.release.xcconfig */ = {isa = PBXFileReference; includeInIndex = 1; lastKnownFileType = text.xcconfig; name = "Pods-ScannAR.release.xcconfig"; path = "Target Support Files/Pods-ScannAR/Pods-ScannAR.release.xcconfig"; sourceTree = "<group>"; };
		5EC70ED6367728869B15E014 /* Pods_ScannARTests.framework */ = {isa = PBXFileReference; explicitFileType = wrapper.framework; includeInIndex = 0; path = Pods_ScannARTests.framework; sourceTree = BUILT_PRODUCTS_DIR; };
		97499017E7DAF2275EA01119 /* Pods_ScannAR.framework */ = {isa = PBXFileReference; explicitFileType = wrapper.framework; includeInIndex = 0; path = Pods_ScannAR.framework; sourceTree = BUILT_PRODUCTS_DIR; };
		9AA2499CF36E13C820240C79 /* Pods-ScannARTests.release.xcconfig */ = {isa = PBXFileReference; includeInIndex = 1; lastKnownFileType = text.xcconfig; name = "Pods-ScannARTests.release.xcconfig"; path = "Target Support Files/Pods-ScannARTests/Pods-ScannARTests.release.xcconfig"; sourceTree = "<group>"; };
		9C765D2FB588D9FA6DD04870 /* Pods_ScannARUITests.framework */ = {isa = PBXFileReference; explicitFileType = wrapper.framework; includeInIndex = 0; path = Pods_ScannARUITests.framework; sourceTree = BUILT_PRODUCTS_DIR; };
		AB12DBA72242E50E00886A11 /* ARScanViewController.swift */ = {isa = PBXFileReference; lastKnownFileType = sourcecode.swift; path = ARScanViewController.swift; sourceTree = "<group>"; };
		AB12DBA92242E84F00886A11 /* ARScanViewController+Gestures.swift */ = {isa = PBXFileReference; lastKnownFileType = sourcecode.swift; path = "ARScanViewController+Gestures.swift"; sourceTree = "<group>"; };
		AB12DBAB2242E8BB00886A11 /* ARScanViewController+ARSessionState.swift */ = {isa = PBXFileReference; lastKnownFileType = sourcecode.swift; path = "ARScanViewController+ARSessionState.swift"; sourceTree = "<group>"; };
		AB12DBAD2242E8F500886A11 /* ARScanViewController+NavBar.swift */ = {isa = PBXFileReference; lastKnownFileType = sourcecode.swift; path = "ARScanViewController+NavBar.swift"; sourceTree = "<group>"; };
		AB12DBAF2242E91200886A11 /* ARScanViewController+SessionInfo.swift */ = {isa = PBXFileReference; lastKnownFileType = sourcecode.swift; path = "ARScanViewController+SessionInfo.swift"; sourceTree = "<group>"; };
		AB12DBB22242EA0E00886A11 /* ARScan.swift */ = {isa = PBXFileReference; lastKnownFileType = sourcecode.swift; path = ARScan.swift; sourceTree = "<group>"; };
		AB12DBB42242EA5D00886A11 /* ARObjectDetectTestController.swift */ = {isa = PBXFileReference; lastKnownFileType = sourcecode.swift; path = ARObjectDetectTestController.swift; sourceTree = "<group>"; };
		AB38DCCA22445E3E008DC8C0 /* Message.swift */ = {isa = PBXFileReference; lastKnownFileType = sourcecode.swift; path = Message.swift; sourceTree = "<group>"; };
		AB38DCCD22445E5E008DC8C0 /* MessageLabel.swift */ = {isa = PBXFileReference; lastKnownFileType = sourcecode.swift; path = MessageLabel.swift; sourceTree = "<group>"; };
		AB38DCCF22445E9C008DC8C0 /* RoundedButton.swift */ = {isa = PBXFileReference; lastKnownFileType = sourcecode.swift; path = RoundedButton.swift; sourceTree = "<group>"; };
		AB38DCD122445EB7008DC8C0 /* FlashlightButton.swift */ = {isa = PBXFileReference; lastKnownFileType = sourcecode.swift; path = FlashlightButton.swift; sourceTree = "<group>"; };
		AB38DCD322445F7C008DC8C0 /* ThresholdPanGestureRecognizer.swift */ = {isa = PBXFileReference; lastKnownFileType = sourcecode.swift; path = ThresholdPanGestureRecognizer.swift; sourceTree = "<group>"; };
		AB38DCD522445F99008DC8C0 /* ThresholdPinchGestureRecognizer.swift */ = {isa = PBXFileReference; lastKnownFileType = sourcecode.swift; path = ThresholdPinchGestureRecognizer.swift; sourceTree = "<group>"; };
		AB38DCD722445FB5008DC8C0 /* ThresholdRotationGestureRecognizer.swift */ = {isa = PBXFileReference; lastKnownFileType = sourcecode.swift; path = ThresholdRotationGestureRecognizer.swift; sourceTree = "<group>"; };
		AB38DCDA224460DD008DC8C0 /* ARCamera+TrackingState.swift */ = {isa = PBXFileReference; lastKnownFileType = sourcecode.swift; path = "ARCamera+TrackingState.swift"; sourceTree = "<group>"; };
		AB38DCDC22446161008DC8C0 /* Helpers+Utilities.swift */ = {isa = PBXFileReference; lastKnownFileType = sourcecode.swift; path = "Helpers+Utilities.swift"; sourceTree = "<group>"; };
		AB38DCDE22446244008DC8C0 /* BoundingBox.swift */ = {isa = PBXFileReference; lastKnownFileType = sourcecode.swift; path = BoundingBox.swift; sourceTree = "<group>"; };
		AB38DCE022446254008DC8C0 /* DetectedBoundingBox.swift */ = {isa = PBXFileReference; lastKnownFileType = sourcecode.swift; path = DetectedBoundingBox.swift; sourceTree = "<group>"; };
		AB38DCE22244626E008DC8C0 /* BoundingBoxSide.swift */ = {isa = PBXFileReference; lastKnownFileType = sourcecode.swift; path = BoundingBoxSide.swift; sourceTree = "<group>"; };
		AB38DCE42244627B008DC8C0 /* DetectedObject.swift */ = {isa = PBXFileReference; lastKnownFileType = sourcecode.swift; path = DetectedObject.swift; sourceTree = "<group>"; };
		AB38DCE622446287008DC8C0 /* DetectedPointCloud.swift */ = {isa = PBXFileReference; lastKnownFileType = sourcecode.swift; path = DetectedPointCloud.swift; sourceTree = "<group>"; };
		AB38DCE822446295008DC8C0 /* ObjectOrigin.swift */ = {isa = PBXFileReference; lastKnownFileType = sourcecode.swift; path = ObjectOrigin.swift; sourceTree = "<group>"; };
		AB38DCEA224462A4008DC8C0 /* ObjectOriginAxis.swift */ = {isa = PBXFileReference; lastKnownFileType = sourcecode.swift; path = ObjectOriginAxis.swift; sourceTree = "<group>"; };
		AB38DCEE224462FD008DC8C0 /* PointCloud+CreateVisualization.swift */ = {isa = PBXFileReference; lastKnownFileType = sourcecode.swift; path = "PointCloud+CreateVisualization.swift"; sourceTree = "<group>"; };
		AB38DCF02244630F008DC8C0 /* ScannedObject.swift */ = {isa = PBXFileReference; lastKnownFileType = sourcecode.swift; path = ScannedObject.swift; sourceTree = "<group>"; };
		AB38DCF222446324008DC8C0 /* ScannedPointCloud.swift */ = {isa = PBXFileReference; lastKnownFileType = sourcecode.swift; path = ScannedPointCloud.swift; sourceTree = "<group>"; };
		AB38DCF422446339008DC8C0 /* Tile.swift */ = {isa = PBXFileReference; lastKnownFileType = sourcecode.swift; path = Tile.swift; sourceTree = "<group>"; };
		AB38DCF622446347008DC8C0 /* WireFrame.swift */ = {isa = PBXFileReference; lastKnownFileType = sourcecode.swift; path = WireFrame.swift; sourceTree = "<group>"; };
		AB38DCF822446380008DC8C0 /* BoundingBox+Snapping.swift */ = {isa = PBXFileReference; lastKnownFileType = sourcecode.swift; path = "BoundingBox+Snapping.swift"; sourceTree = "<group>"; };
		AB38DD01224562D1008DC8C0 /* ARScanMenuScreenViewController.swift */ = {isa = PBXFileReference; lastKnownFileType = sourcecode.swift; path = ARScanMenuScreenViewController.swift; sourceTree = "<group>"; };
		AB38DD0322456379008DC8C0 /* ARDetectViewController.swift */ = {isa = PBXFileReference; lastKnownFileType = sourcecode.swift; path = ARDetectViewController.swift; sourceTree = "<group>"; };
		AB38DD0522456411008DC8C0 /* SavedARScansListViewController.swift */ = {isa = PBXFileReference; lastKnownFileType = sourcecode.swift; path = SavedARScansListViewController.swift; sourceTree = "<group>"; };
		AB38DD082245650F008DC8C0 /* LICENSE.txt */ = {isa = PBXFileReference; fileEncoding = 4; lastKnownFileType = text; path = LICENSE.txt; sourceTree = "<group>"; };
		AB46C544224B59960075EF30 /* AuthViewController.swift */ = {isa = PBXFileReference; lastKnownFileType = sourcecode.swift; path = AuthViewController.swift; sourceTree = "<group>"; };
		AB519F5C2242C6CA00B27A8B /* ScannAR.app */ = {isa = PBXFileReference; explicitFileType = wrapper.application; includeInIndex = 0; path = ScannAR.app; sourceTree = BUILT_PRODUCTS_DIR; };
		AB519F5F2242C6CA00B27A8B /* AppDelegate.swift */ = {isa = PBXFileReference; lastKnownFileType = sourcecode.swift; path = AppDelegate.swift; sourceTree = "<group>"; };
		AB519F612242C6CA00B27A8B /* art.scnassets */ = {isa = PBXFileReference; lastKnownFileType = wrapper.scnassets; path = art.scnassets; sourceTree = "<group>"; };
		AB519F662242C6CA00B27A8B /* Base */ = {isa = PBXFileReference; lastKnownFileType = file.storyboard; name = Base; path = Base.lproj/Main.storyboard; sourceTree = "<group>"; };
		AB519F682242C6CB00B27A8B /* Assets.xcassets */ = {isa = PBXFileReference; lastKnownFileType = folder.assetcatalog; path = Assets.xcassets; sourceTree = "<group>"; };
		AB519F6B2242C6CB00B27A8B /* Base */ = {isa = PBXFileReference; lastKnownFileType = file.storyboard; name = Base; path = Base.lproj/LaunchScreen.storyboard; sourceTree = "<group>"; };
		AB519F6D2242C6CB00B27A8B /* Info.plist */ = {isa = PBXFileReference; lastKnownFileType = text.plist.xml; path = Info.plist; sourceTree = "<group>"; };
		AB519F722242C6CB00B27A8B /* ScannARTests.xctest */ = {isa = PBXFileReference; explicitFileType = wrapper.cfbundle; includeInIndex = 0; path = ScannARTests.xctest; sourceTree = BUILT_PRODUCTS_DIR; };
		AB519F762242C6CB00B27A8B /* ScannARTests.swift */ = {isa = PBXFileReference; lastKnownFileType = sourcecode.swift; path = ScannARTests.swift; sourceTree = "<group>"; };
		AB519F782242C6CB00B27A8B /* Info.plist */ = {isa = PBXFileReference; lastKnownFileType = text.plist.xml; path = Info.plist; sourceTree = "<group>"; };
		AB519F7D2242C6CB00B27A8B /* ScannARUITests.xctest */ = {isa = PBXFileReference; explicitFileType = wrapper.cfbundle; includeInIndex = 0; path = ScannARUITests.xctest; sourceTree = BUILT_PRODUCTS_DIR; };
		AB519F812242C6CB00B27A8B /* ScannARUITests.swift */ = {isa = PBXFileReference; lastKnownFileType = sourcecode.swift; path = ScannARUITests.swift; sourceTree = "<group>"; };
		AB519F832242C6CB00B27A8B /* Info.plist */ = {isa = PBXFileReference; lastKnownFileType = text.plist.xml; path = Info.plist; sourceTree = "<group>"; };
		ABB4C9ED2248BD7A0079E25D /* Base */ = {isa = PBXFileReference; lastKnownFileType = file.storyboard; name = Base; path = Base.lproj/ARScan.storyboard; sourceTree = "<group>"; };
		D142BEE1224AACE400699881 /* ShipmentsCollectionViewCell.swift */ = {isa = PBXFileReference; lastKnownFileType = sourcecode.swift; path = ShipmentsCollectionViewCell.swift; sourceTree = "<group>"; };
		D142BEE2224AACE400699881 /* ShipmentsCollectionViewCell.xib */ = {isa = PBXFileReference; lastKnownFileType = file.xib; path = ShipmentsCollectionViewCell.xib; sourceTree = "<group>"; };
		D1698DAA224AF31400250E4D /* CoreDataImporter.swift */ = {isa = PBXFileReference; lastKnownFileType = sourcecode.swift; path = CoreDataImporter.swift; sourceTree = "<group>"; };
		D1698DAF224B14E700250E4D /* APICallType.swift */ = {isa = PBXFileReference; lastKnownFileType = sourcecode.swift; path = APICallType.swift; sourceTree = "<group>"; };
		D1698DB1224B2D5600250E4D /* HTTPMethod.swift */ = {isa = PBXFileReference; lastKnownFileType = sourcecode.swift; path = HTTPMethod.swift; sourceTree = "<group>"; };
		D1EAB1D52242D64800720412 /* ProductsCollectionViewCell.swift */ = {isa = PBXFileReference; lastKnownFileType = sourcecode.swift; path = ProductsCollectionViewCell.swift; sourceTree = "<group>"; };
		D1EAB1D62242D64800720412 /* ProductsCollectionViewCell.xib */ = {isa = PBXFileReference; lastKnownFileType = file.xib; path = ProductsCollectionViewCell.xib; sourceTree = "<group>"; };
		D1EAB1DA2242E14F00720412 /* ScannARNetworkingController.swift */ = {isa = PBXFileReference; lastKnownFileType = sourcecode.swift; path = ScannARNetworkingController.swift; sourceTree = "<group>"; };
		D1EAB2032243B4CF00720412 /* ShipmentsDetailViewController.swift */ = {isa = PBXFileReference; lastKnownFileType = sourcecode.swift; path = ShipmentsDetailViewController.swift; sourceTree = "<group>"; };
		D1EAB2052243B4E500720412 /* ShipmentsDetailViewController.storyboard */ = {isa = PBXFileReference; lastKnownFileType = file.storyboard; path = ShipmentsDetailViewController.storyboard; sourceTree = "<group>"; };
		D1EAB2072243B50B00720412 /* ProductDetailViewController.swift */ = {isa = PBXFileReference; lastKnownFileType = sourcecode.swift; path = ProductDetailViewController.swift; sourceTree = "<group>"; };
		D1EAB2092243B51C00720412 /* ProductDetailViewController.storyboard */ = {isa = PBXFileReference; lastKnownFileType = file.storyboard; path = ProductDetailViewController.storyboard; sourceTree = "<group>"; };
		D1EAB20F2243B67100720412 /* AccountViewController.swift */ = {isa = PBXFileReference; lastKnownFileType = sourcecode.swift; path = AccountViewController.swift; sourceTree = "<group>"; };
		D1EAB2112243B68300720412 /* AccountViewController.storyboard */ = {isa = PBXFileReference; lastKnownFileType = file.storyboard; path = AccountViewController.storyboard; sourceTree = "<group>"; };
		D1EAB2132243B69800720412 /* SettingsViewController.swift */ = {isa = PBXFileReference; lastKnownFileType = sourcecode.swift; path = SettingsViewController.swift; sourceTree = "<group>"; };
		D1EAB2152243B6AA00720412 /* SettingsViewController.storyboard */ = {isa = PBXFileReference; lastKnownFileType = file.storyboard; path = SettingsViewController.storyboard; sourceTree = "<group>"; };
		D1EAB21B224405BE00720412 /* ScannARMainCollectionView.swift */ = {isa = PBXFileReference; lastKnownFileType = sourcecode.swift; path = ScannARMainCollectionView.swift; sourceTree = "<group>"; };
		D1EAB21D224405D700720412 /* ScannARMainViewController.swift */ = {isa = PBXFileReference; lastKnownFileType = sourcecode.swift; path = ScannARMainViewController.swift; sourceTree = "<group>"; };
		D1EAB21F224405F900720412 /* ScannARMainViewController.storyboard */ = {isa = PBXFileReference; lastKnownFileType = file.storyboard; path = ScannARMainViewController.storyboard; sourceTree = "<group>"; };
		D1EAB2212244138D00720412 /* LoginViewController.swift */ = {isa = PBXFileReference; lastKnownFileType = sourcecode.swift; path = LoginViewController.swift; sourceTree = "<group>"; };
		D1EAB2252244597D00720412 /* WalkthroughViewController.swift */ = {isa = PBXFileReference; lastKnownFileType = sourcecode.swift; path = WalkthroughViewController.swift; sourceTree = "<group>"; };
		D1EAB228224555B300720412 /* ScannARMainNavigationController.swift */ = {isa = PBXFileReference; lastKnownFileType = sourcecode.swift; path = ScannARMainNavigationController.swift; sourceTree = "<group>"; };
		D1EAB22B224920C800720412 /* JSONWebToken.swift */ = {isa = PBXFileReference; lastKnownFileType = sourcecode.swift; path = JSONWebToken.swift; sourceTree = "<group>"; };
		D1EAB2322249227800720412 /* ScannAR.xcdatamodel */ = {isa = PBXFileReference; lastKnownFileType = wrapper.xcdatamodel; path = ScannAR.xcdatamodel; sourceTree = "<group>"; };
		D1EAB23422492AC200720412 /* Product+Convenience.swift */ = {isa = PBXFileReference; lastKnownFileType = sourcecode.swift; path = "Product+Convenience.swift"; sourceTree = "<group>"; };
		D1EAB23622492B0100720412 /* CoreDataStack.swift */ = {isa = PBXFileReference; lastKnownFileType = sourcecode.swift; path = CoreDataStack.swift; sourceTree = "<group>"; };
		D1EAB23822492CEE00720412 /* Shipment+Convenience.swift */ = {isa = PBXFileReference; lastKnownFileType = sourcecode.swift; path = "Shipment+Convenience.swift"; sourceTree = "<group>"; };
		D1EAB23A22492D8200720412 /* ProductRepresentation.swift */ = {isa = PBXFileReference; lastKnownFileType = sourcecode.swift; path = ProductRepresentation.swift; sourceTree = "<group>"; };
		D1EAB23C22492D9700720412 /* ShipmentRepresentation.swift */ = {isa = PBXFileReference; lastKnownFileType = sourcecode.swift; path = ShipmentRepresentation.swift; sourceTree = "<group>"; };
		D1EAB23E224934E400720412 /* Product+Encodable.swift */ = {isa = PBXFileReference; lastKnownFileType = sourcecode.swift; path = "Product+Encodable.swift"; sourceTree = "<group>"; };
		D1EAB2402249379D00720412 /* Shipment+Encodable.swift */ = {isa = PBXFileReference; lastKnownFileType = sourcecode.swift; path = "Shipment+Encodable.swift"; sourceTree = "<group>"; };
		D74D33CCBED514833B1EBD93 /* Pods-ScannAR.debug.xcconfig */ = {isa = PBXFileReference; includeInIndex = 1; lastKnownFileType = text.xcconfig; name = "Pods-ScannAR.debug.xcconfig"; path = "Target Support Files/Pods-ScannAR/Pods-ScannAR.debug.xcconfig"; sourceTree = "<group>"; };
/* End PBXFileReference section */

/* Begin PBXFrameworksBuildPhase section */
		AB519F592242C6CA00B27A8B /* Frameworks */ = {
			isa = PBXFrameworksBuildPhase;
			buildActionMask = 2147483647;
			files = (
				A55892391472DEEFA1A3DAC3 /* Pods_ScannAR.framework in Frameworks */,
			);
			runOnlyForDeploymentPostprocessing = 0;
		};
		AB519F6F2242C6CB00B27A8B /* Frameworks */ = {
			isa = PBXFrameworksBuildPhase;
			buildActionMask = 2147483647;
			files = (
				C28743A6DB52C5982AC7F7E0 /* Pods_ScannARTests.framework in Frameworks */,
			);
			runOnlyForDeploymentPostprocessing = 0;
		};
		AB519F7A2242C6CB00B27A8B /* Frameworks */ = {
			isa = PBXFrameworksBuildPhase;
			buildActionMask = 2147483647;
			files = (
				DADF1223DAC5E49F71E288EE /* Pods_ScannARUITests.framework in Frameworks */,
			);
			runOnlyForDeploymentPostprocessing = 0;
		};
/* End PBXFrameworksBuildPhase section */

/* Begin PBXGroup section */
		0E3C9BC150EE99B2527DEB44 /* Pods */ = {
			isa = PBXGroup;
			children = (
				D74D33CCBED514833B1EBD93 /* Pods-ScannAR.debug.xcconfig */,
				545258C2D3EFFD5C41F33DE7 /* Pods-ScannAR.release.xcconfig */,
				13E81132AFEE9F69F169A854 /* Pods-ScannARTests.debug.xcconfig */,
				9AA2499CF36E13C820240C79 /* Pods-ScannARTests.release.xcconfig */,
				3DE19E56F1985A9EAA554933 /* Pods-ScannARUITests.debug.xcconfig */,
				26ACD0EC6BC7F68E25CE8B93 /* Pods-ScannARUITests.release.xcconfig */,
			);
			path = Pods;
			sourceTree = "<group>";
		};
		5B9221DA664CE3E0EBB3D62D /* Frameworks */ = {
			isa = PBXGroup;
			children = (
				97499017E7DAF2275EA01119 /* Pods_ScannAR.framework */,
				5EC70ED6367728869B15E014 /* Pods_ScannARTests.framework */,
				9C765D2FB588D9FA6DD04870 /* Pods_ScannARUITests.framework */,
			);
			name = Frameworks;
			sourceTree = "<group>";
		};
		AB12DBB12242E9A900886A11 /* Extensions */ = {
			isa = PBXGroup;
			children = (
				AB12DBAD2242E8F500886A11 /* ARScanViewController+NavBar.swift */,
				AB12DBA92242E84F00886A11 /* ARScanViewController+Gestures.swift */,
				AB12DBAB2242E8BB00886A11 /* ARScanViewController+ARSessionState.swift */,
				AB12DBAF2242E91200886A11 /* ARScanViewController+SessionInfo.swift */,
				AB38DCDA224460DD008DC8C0 /* ARCamera+TrackingState.swift */,
				AB38DCDC22446161008DC8C0 /* Helpers+Utilities.swift */,
				AB38DCEE224462FD008DC8C0 /* PointCloud+CreateVisualization.swift */,
				AB38DCF822446380008DC8C0 /* BoundingBox+Snapping.swift */,
			);
			path = Extensions;
			sourceTree = "<group>";
		};
		AB12DBB62242EA6300886A11 /* Controllers */ = {
			isa = PBXGroup;
			children = (
				AB12DBB22242EA0E00886A11 /* ARScan.swift */,
				AB12DBB42242EA5D00886A11 /* ARObjectDetectTestController.swift */,
			);
			path = Controllers;
			sourceTree = "<group>";
		};
		AB38DCCC22445E48008DC8C0 /* Views */ = {
			isa = PBXGroup;
			children = (
				AB38DCCA22445E3E008DC8C0 /* Message.swift */,
				AB38DCCD22445E5E008DC8C0 /* MessageLabel.swift */,
				AB38DCCF22445E9C008DC8C0 /* RoundedButton.swift */,
				AB38DCD122445EB7008DC8C0 /* FlashlightButton.swift */,
			);
			path = Views;
			sourceTree = "<group>";
		};
		AB38DCD922445FBC008DC8C0 /* Gesture Recognizers */ = {
			isa = PBXGroup;
			children = (
				AB38DCD322445F7C008DC8C0 /* ThresholdPanGestureRecognizer.swift */,
				AB38DCD522445F99008DC8C0 /* ThresholdPinchGestureRecognizer.swift */,
				AB38DCD722445FB5008DC8C0 /* ThresholdRotationGestureRecognizer.swift */,
			);
			path = "Gesture Recognizers";
			sourceTree = "<group>";
		};
		AB38DCFA2244639E008DC8C0 /* ARScan Visualizations */ = {
			isa = PBXGroup;
			children = (
				AB38DCDE22446244008DC8C0 /* BoundingBox.swift */,
				AB38DCE022446254008DC8C0 /* DetectedBoundingBox.swift */,
				AB38DCE22244626E008DC8C0 /* BoundingBoxSide.swift */,
				AB38DCE42244627B008DC8C0 /* DetectedObject.swift */,
				AB38DCE622446287008DC8C0 /* DetectedPointCloud.swift */,
				AB38DCE822446295008DC8C0 /* ObjectOrigin.swift */,
				AB38DCEA224462A4008DC8C0 /* ObjectOriginAxis.swift */,
				AB38DCF02244630F008DC8C0 /* ScannedObject.swift */,
				AB38DCF222446324008DC8C0 /* ScannedPointCloud.swift */,
				AB38DCF422446339008DC8C0 /* Tile.swift */,
				AB38DCF622446347008DC8C0 /* WireFrame.swift */,
			);
			path = "ARScan Visualizations";
			sourceTree = "<group>";
		};
		AB38DD072245650F008DC8C0 /* LICENSE */ = {
			isa = PBXGroup;
			children = (
				AB38DD082245650F008DC8C0 /* LICENSE.txt */,
			);
			path = LICENSE;
			sourceTree = "<group>";
		};
		AB519F532242C6CA00B27A8B = {
			isa = PBXGroup;
			children = (
				AB519F5E2242C6CA00B27A8B /* ScannAR */,
				AB519F752242C6CB00B27A8B /* ScannARTests */,
				AB519F802242C6CB00B27A8B /* ScannARUITests */,
				AB519F5D2242C6CA00B27A8B /* Products */,
				AB38DD072245650F008DC8C0 /* LICENSE */,
				0E3C9BC150EE99B2527DEB44 /* Pods */,
				5B9221DA664CE3E0EBB3D62D /* Frameworks */,
			);
			sourceTree = "<group>";
		};
		AB519F5D2242C6CA00B27A8B /* Products */ = {
			isa = PBXGroup;
			children = (
				AB519F5C2242C6CA00B27A8B /* ScannAR.app */,
				AB519F722242C6CB00B27A8B /* ScannARTests.xctest */,
				AB519F7D2242C6CB00B27A8B /* ScannARUITests.xctest */,
			);
			name = Products;
			sourceTree = "<group>";
		};
		AB519F5E2242C6CA00B27A8B /* ScannAR */ = {
			isa = PBXGroup;
			children = (
				D1698DAC224AFE5E00250E4D /* Protocols */,
				D1EAB22A224920B300720412 /* Model */,
				D1EAB1D92242E12600720412 /* ModelController */,
				D1EAB1CC2242D47D00720412 /* Views */,
				D1EAB1CB2242D46A00720412 /* ViewController */,
				AB519F5F2242C6CA00B27A8B /* AppDelegate.swift */,
				AB519F652242C6CA00B27A8B /* Main.storyboard */,
				AB519F682242C6CB00B27A8B /* Assets.xcassets */,
				AB519F6A2242C6CB00B27A8B /* LaunchScreen.storyboard */,
				AB519F6D2242C6CB00B27A8B /* Info.plist */,
				AB519F612242C6CA00B27A8B /* art.scnassets */,
				AB519F8F2242E0D600B27A8B /* ARScanner Scene */,
				ABB4C9EE2248BD7A0079E25D /* ARScan.storyboard */,
			);
			path = ScannAR;
			sourceTree = "<group>";
		};
		AB519F752242C6CB00B27A8B /* ScannARTests */ = {
			isa = PBXGroup;
			children = (
				AB519F762242C6CB00B27A8B /* ScannARTests.swift */,
				AB519F782242C6CB00B27A8B /* Info.plist */,
			);
			path = ScannARTests;
			sourceTree = "<group>";
		};
		AB519F802242C6CB00B27A8B /* ScannARUITests */ = {
			isa = PBXGroup;
			children = (
				AB519F812242C6CB00B27A8B /* ScannARUITests.swift */,
				AB519F832242C6CB00B27A8B /* Info.plist */,
			);
			path = ScannARUITests;
			sourceTree = "<group>";
		};
		AB519F8F2242E0D600B27A8B /* ARScanner Scene */ = {
			isa = PBXGroup;
			children = (
				AB38DCCC22445E48008DC8C0 /* Views */,
				AB519F902242E16200B27A8B /* ViewControllers */,
				AB12DBB62242EA6300886A11 /* Controllers */,
				AB38DCFA2244639E008DC8C0 /* ARScan Visualizations */,
				AB38DCD922445FBC008DC8C0 /* Gesture Recognizers */,
				AB12DBB12242E9A900886A11 /* Extensions */,
			);
			path = "ARScanner Scene";
			sourceTree = "<group>";
		};
		AB519F902242E16200B27A8B /* ViewControllers */ = {
			isa = PBXGroup;
			children = (
				AB12DBA72242E50E00886A11 /* ARScanViewController.swift */,
				AB38DD01224562D1008DC8C0 /* ARScanMenuScreenViewController.swift */,
				AB38DD0322456379008DC8C0 /* ARDetectViewController.swift */,
				AB38DD0522456411008DC8C0 /* SavedARScansListViewController.swift */,
			);
			path = ViewControllers;
			sourceTree = "<group>";
		};
		D1698DAC224AFE5E00250E4D /* Protocols */ = {
			isa = PBXGroup;
			children = (
			);
			path = Protocols;
			sourceTree = "<group>";
		};
		D1EAB1CB2242D46A00720412 /* ViewController */ = {
			isa = PBXGroup;
			children = (
				D1EAB2272244598C00720412 /* Login */,
				D1EAB21B224405BE00720412 /* ScannARMainCollectionView.swift */,
				D1EAB21D224405D700720412 /* ScannARMainViewController.swift */,
				D1EAB228224555B300720412 /* ScannARMainNavigationController.swift */,
				D1EAB21F224405F900720412 /* ScannARMainViewController.storyboard */,
				D1EAB2072243B50B00720412 /* ProductDetailViewController.swift */,
				D1EAB2092243B51C00720412 /* ProductDetailViewController.storyboard */,
				D1EAB2132243B69800720412 /* SettingsViewController.swift */,
				D1EAB2152243B6AA00720412 /* SettingsViewController.storyboard */,
				D1EAB20F2243B67100720412 /* AccountViewController.swift */,
				D1EAB2112243B68300720412 /* AccountViewController.storyboard */,
				D1EAB2032243B4CF00720412 /* ShipmentsDetailViewController.swift */,
				D1EAB2052243B4E500720412 /* ShipmentsDetailViewController.storyboard */,
			);
			path = ViewController;
			sourceTree = "<group>";
		};
		D1EAB1CC2242D47D00720412 /* Views */ = {
			isa = PBXGroup;
			children = (
				D1EAB1D52242D64800720412 /* ProductsCollectionViewCell.swift */,
				D1EAB1D62242D64800720412 /* ProductsCollectionViewCell.xib */,
				D142BEE1224AACE400699881 /* ShipmentsCollectionViewCell.swift */,
				D142BEE2224AACE400699881 /* ShipmentsCollectionViewCell.xib */,
			);
			path = Views;
			sourceTree = "<group>";
		};
		D1EAB1D92242E12600720412 /* ModelController */ = {
			isa = PBXGroup;
			children = (
				D1EAB1DA2242E14F00720412 /* ScannARNetworkingController.swift */,
				D1698DAA224AF31400250E4D /* CoreDataImporter.swift */,
			);
			path = ModelController;
			sourceTree = "<group>";
		};
		D1EAB2272244598C00720412 /* Login */ = {
			isa = PBXGroup;
			children = (
				D1EAB2252244597D00720412 /* WalkthroughViewController.swift */,
				AB46C544224B59960075EF30 /* AuthViewController.swift */,
				D1EAB2212244138D00720412 /* LoginViewController.swift */,
			);
			path = Login;
			sourceTree = "<group>";
		};
		D1EAB22A224920B300720412 /* Model */ = {
			isa = PBXGroup;
			children = (
				D1EAB22B224920C800720412 /* JSONWebToken.swift */,
				D1EAB23422492AC200720412 /* Product+Convenience.swift */,
				D1EAB23E224934E400720412 /* Product+Encodable.swift */,
				D1EAB23A22492D8200720412 /* ProductRepresentation.swift */,
				D1EAB23822492CEE00720412 /* Shipment+Convenience.swift */,
				D1EAB2402249379D00720412 /* Shipment+Encodable.swift */,
				D1EAB23C22492D9700720412 /* ShipmentRepresentation.swift */,
				D1EAB23622492B0100720412 /* CoreDataStack.swift */,
				D1698DAF224B14E700250E4D /* APICallType.swift */,
				D1698DB1224B2D5600250E4D /* HTTPMethod.swift */,
				D1EAB2312249227800720412 /* ScannAR.xcdatamodeld */,
			);
			path = Model;
			sourceTree = "<group>";
		};
/* End PBXGroup section */

/* Begin PBXNativeTarget section */
		AB519F5B2242C6CA00B27A8B /* ScannAR */ = {
			isa = PBXNativeTarget;
			buildConfigurationList = AB519F862242C6CB00B27A8B /* Build configuration list for PBXNativeTarget "ScannAR" */;
			buildPhases = (
				9357EE90678A961C0D7831AE /* [CP] Check Pods Manifest.lock */,
				AB519F582242C6CA00B27A8B /* Sources */,
				AB519F592242C6CA00B27A8B /* Frameworks */,
				AB519F5A2242C6CA00B27A8B /* Resources */,
				32E000F0A52B500D715C9B0B /* [CP] Embed Pods Frameworks */,
				6E00CE16B077856F6F45BCF3 /* [CP] Copy Pods Resources */,
			);
			buildRules = (
			);
			dependencies = (
			);
			name = ScannAR;
			productName = ScannAR;
			productReference = AB519F5C2242C6CA00B27A8B /* ScannAR.app */;
			productType = "com.apple.product-type.application";
		};
		AB519F712242C6CB00B27A8B /* ScannARTests */ = {
			isa = PBXNativeTarget;
			buildConfigurationList = AB519F892242C6CB00B27A8B /* Build configuration list for PBXNativeTarget "ScannARTests" */;
			buildPhases = (
				42A4D99ACEA3BF49946BBBC9 /* [CP] Check Pods Manifest.lock */,
				AB519F6E2242C6CB00B27A8B /* Sources */,
				AB519F6F2242C6CB00B27A8B /* Frameworks */,
				AB519F702242C6CB00B27A8B /* Resources */,
			);
			buildRules = (
			);
			dependencies = (
				AB519F742242C6CB00B27A8B /* PBXTargetDependency */,
			);
			name = ScannARTests;
			productName = ScannARTests;
			productReference = AB519F722242C6CB00B27A8B /* ScannARTests.xctest */;
			productType = "com.apple.product-type.bundle.unit-test";
		};
		AB519F7C2242C6CB00B27A8B /* ScannARUITests */ = {
			isa = PBXNativeTarget;
			buildConfigurationList = AB519F8C2242C6CB00B27A8B /* Build configuration list for PBXNativeTarget "ScannARUITests" */;
			buildPhases = (
				BE26380CEDCBB8A9A416AD58 /* [CP] Check Pods Manifest.lock */,
				AB519F792242C6CB00B27A8B /* Sources */,
				AB519F7A2242C6CB00B27A8B /* Frameworks */,
				AB519F7B2242C6CB00B27A8B /* Resources */,
			);
			buildRules = (
			);
			dependencies = (
				AB519F7F2242C6CB00B27A8B /* PBXTargetDependency */,
			);
			name = ScannARUITests;
			productName = ScannARUITests;
			productReference = AB519F7D2242C6CB00B27A8B /* ScannARUITests.xctest */;
			productType = "com.apple.product-type.bundle.ui-testing";
		};
/* End PBXNativeTarget section */

/* Begin PBXProject section */
		AB519F542242C6CA00B27A8B /* Project object */ = {
			isa = PBXProject;
			attributes = {
				LastSwiftUpdateCheck = 1010;
				LastUpgradeCheck = 1020;
				ORGANIZATIONNAME = "ScannAR Team";
				TargetAttributes = {
					AB519F5B2242C6CA00B27A8B = {
						CreatedOnToolsVersion = 10.1;
						LastSwiftMigration = 1020;
					};
					AB519F712242C6CB00B27A8B = {
						CreatedOnToolsVersion = 10.1;
						LastSwiftMigration = 1020;
						TestTargetID = AB519F5B2242C6CA00B27A8B;
					};
					AB519F7C2242C6CB00B27A8B = {
						CreatedOnToolsVersion = 10.1;
						LastSwiftMigration = 1020;
						TestTargetID = AB519F5B2242C6CA00B27A8B;
					};
				};
			};
			buildConfigurationList = AB519F572242C6CA00B27A8B /* Build configuration list for PBXProject "ScannAR" */;
			compatibilityVersion = "Xcode 9.3";
			developmentRegion = en;
			hasScannedForEncodings = 0;
			knownRegions = (
				en,
				Base,
			);
			mainGroup = AB519F532242C6CA00B27A8B;
			productRefGroup = AB519F5D2242C6CA00B27A8B /* Products */;
			projectDirPath = "";
			projectRoot = "";
			targets = (
				AB519F5B2242C6CA00B27A8B /* ScannAR */,
				AB519F712242C6CB00B27A8B /* ScannARTests */,
				AB519F7C2242C6CB00B27A8B /* ScannARUITests */,
			);
		};
/* End PBXProject section */

/* Begin PBXResourcesBuildPhase section */
		AB519F5A2242C6CA00B27A8B /* Resources */ = {
			isa = PBXResourcesBuildPhase;
			buildActionMask = 2147483647;
			files = (
				ABB4C9EC2248BD7A0079E25D /* ARScan.storyboard in Resources */,
				D1EAB1D82242D64800720412 /* ProductsCollectionViewCell.xib in Resources */,
				D1EAB20A2243B51D00720412 /* ProductDetailViewController.storyboard in Resources */,
				AB519F622242C6CA00B27A8B /* art.scnassets in Resources */,
				AB519F6C2242C6CB00B27A8B /* LaunchScreen.storyboard in Resources */,
				D1EAB2162243B6AA00720412 /* SettingsViewController.storyboard in Resources */,
				D142BEE4224AACE400699881 /* ShipmentsCollectionViewCell.xib in Resources */,
				AB38DD092245650F008DC8C0 /* LICENSE.txt in Resources */,
				D1EAB2062243B4E500720412 /* ShipmentsDetailViewController.storyboard in Resources */,
				AB519F692242C6CB00B27A8B /* Assets.xcassets in Resources */,
				D1EAB2122243B68300720412 /* AccountViewController.storyboard in Resources */,
				D1EAB220224405F900720412 /* ScannARMainViewController.storyboard in Resources */,
				AB519F672242C6CA00B27A8B /* Main.storyboard in Resources */,
			);
			runOnlyForDeploymentPostprocessing = 0;
		};
		AB519F702242C6CB00B27A8B /* Resources */ = {
			isa = PBXResourcesBuildPhase;
			buildActionMask = 2147483647;
			files = (
			);
			runOnlyForDeploymentPostprocessing = 0;
		};
		AB519F7B2242C6CB00B27A8B /* Resources */ = {
			isa = PBXResourcesBuildPhase;
			buildActionMask = 2147483647;
			files = (
			);
			runOnlyForDeploymentPostprocessing = 0;
		};
/* End PBXResourcesBuildPhase section */

/* Begin PBXShellScriptBuildPhase section */
		32E000F0A52B500D715C9B0B /* [CP] Embed Pods Frameworks */ = {
			isa = PBXShellScriptBuildPhase;
			buildActionMask = 2147483647;
			files = (
			);
			inputFileListPaths = (
			);
			inputPaths = (
				"${PODS_ROOT}/Target Support Files/Pods-ScannAR/Pods-ScannAR-frameworks.sh",
				"${BUILT_PRODUCTS_DIR}/GTMSessionFetcher/GTMSessionFetcher.framework",
				"${BUILT_PRODUCTS_DIR}/GoogleToolboxForMac/GoogleToolboxForMac.framework",
				"${BUILT_PRODUCTS_DIR}/GoogleUtilities/GoogleUtilities.framework",
				"${BUILT_PRODUCTS_DIR}/nanopb/nanopb.framework",
			);
			name = "[CP] Embed Pods Frameworks";
			outputFileListPaths = (
			);
			outputPaths = (
				"${TARGET_BUILD_DIR}/${FRAMEWORKS_FOLDER_PATH}/GTMSessionFetcher.framework",
				"${TARGET_BUILD_DIR}/${FRAMEWORKS_FOLDER_PATH}/GoogleToolboxForMac.framework",
				"${TARGET_BUILD_DIR}/${FRAMEWORKS_FOLDER_PATH}/GoogleUtilities.framework",
				"${TARGET_BUILD_DIR}/${FRAMEWORKS_FOLDER_PATH}/nanopb.framework",
			);
			runOnlyForDeploymentPostprocessing = 0;
			shellPath = /bin/sh;
			shellScript = "\"${PODS_ROOT}/Target Support Files/Pods-ScannAR/Pods-ScannAR-frameworks.sh\"\n";
			showEnvVarsInLog = 0;
		};
		42A4D99ACEA3BF49946BBBC9 /* [CP] Check Pods Manifest.lock */ = {
			isa = PBXShellScriptBuildPhase;
			buildActionMask = 2147483647;
			files = (
			);
			inputFileListPaths = (
			);
			inputPaths = (
				"${PODS_PODFILE_DIR_PATH}/Podfile.lock",
				"${PODS_ROOT}/Manifest.lock",
			);
			name = "[CP] Check Pods Manifest.lock";
			outputFileListPaths = (
			);
			outputPaths = (
				"$(DERIVED_FILE_DIR)/Pods-ScannARTests-checkManifestLockResult.txt",
			);
			runOnlyForDeploymentPostprocessing = 0;
			shellPath = /bin/sh;
			shellScript = "diff \"${PODS_PODFILE_DIR_PATH}/Podfile.lock\" \"${PODS_ROOT}/Manifest.lock\" > /dev/null\nif [ $? != 0 ] ; then\n    # print error to STDERR\n    echo \"error: The sandbox is not in sync with the Podfile.lock. Run 'pod install' or update your CocoaPods installation.\" >&2\n    exit 1\nfi\n# This output is used by Xcode 'outputs' to avoid re-running this script phase.\necho \"SUCCESS\" > \"${SCRIPT_OUTPUT_FILE_0}\"\n";
			showEnvVarsInLog = 0;
		};
		6E00CE16B077856F6F45BCF3 /* [CP] Copy Pods Resources */ = {
			isa = PBXShellScriptBuildPhase;
			buildActionMask = 2147483647;
			files = (
			);
			inputFileListPaths = (
			);
			inputPaths = (
				"${PODS_ROOT}/Target Support Files/Pods-ScannAR/Pods-ScannAR-resources.sh",
				"${PODS_CONFIGURATION_BUILD_DIR}/FirebaseUI/FirebaseAuthUI.bundle",
				"${PODS_CONFIGURATION_BUILD_DIR}/FirebaseUI/FirebaseGoogleAuthUI.bundle",
				"${PODS_ROOT}/GoogleSignIn/Resources/GoogleSignIn.bundle",
			);
			name = "[CP] Copy Pods Resources";
			outputFileListPaths = (
			);
			outputPaths = (
				"${TARGET_BUILD_DIR}/${UNLOCALIZED_RESOURCES_FOLDER_PATH}/FirebaseAuthUI.bundle",
				"${TARGET_BUILD_DIR}/${UNLOCALIZED_RESOURCES_FOLDER_PATH}/FirebaseGoogleAuthUI.bundle",
				"${TARGET_BUILD_DIR}/${UNLOCALIZED_RESOURCES_FOLDER_PATH}/GoogleSignIn.bundle",
			);
			runOnlyForDeploymentPostprocessing = 0;
			shellPath = /bin/sh;
			shellScript = "\"${PODS_ROOT}/Target Support Files/Pods-ScannAR/Pods-ScannAR-resources.sh\"\n";
			showEnvVarsInLog = 0;
		};
		9357EE90678A961C0D7831AE /* [CP] Check Pods Manifest.lock */ = {
			isa = PBXShellScriptBuildPhase;
			buildActionMask = 2147483647;
			files = (
			);
			inputFileListPaths = (
			);
			inputPaths = (
				"${PODS_PODFILE_DIR_PATH}/Podfile.lock",
				"${PODS_ROOT}/Manifest.lock",
			);
			name = "[CP] Check Pods Manifest.lock";
			outputFileListPaths = (
			);
			outputPaths = (
				"$(DERIVED_FILE_DIR)/Pods-ScannAR-checkManifestLockResult.txt",
			);
			runOnlyForDeploymentPostprocessing = 0;
			shellPath = /bin/sh;
			shellScript = "diff \"${PODS_PODFILE_DIR_PATH}/Podfile.lock\" \"${PODS_ROOT}/Manifest.lock\" > /dev/null\nif [ $? != 0 ] ; then\n    # print error to STDERR\n    echo \"error: The sandbox is not in sync with the Podfile.lock. Run 'pod install' or update your CocoaPods installation.\" >&2\n    exit 1\nfi\n# This output is used by Xcode 'outputs' to avoid re-running this script phase.\necho \"SUCCESS\" > \"${SCRIPT_OUTPUT_FILE_0}\"\n";
			showEnvVarsInLog = 0;
		};
		BE26380CEDCBB8A9A416AD58 /* [CP] Check Pods Manifest.lock */ = {
			isa = PBXShellScriptBuildPhase;
			buildActionMask = 2147483647;
			files = (
			);
			inputFileListPaths = (
			);
			inputPaths = (
				"${PODS_PODFILE_DIR_PATH}/Podfile.lock",
				"${PODS_ROOT}/Manifest.lock",
			);
			name = "[CP] Check Pods Manifest.lock";
			outputFileListPaths = (
			);
			outputPaths = (
				"$(DERIVED_FILE_DIR)/Pods-ScannARUITests-checkManifestLockResult.txt",
			);
			runOnlyForDeploymentPostprocessing = 0;
			shellPath = /bin/sh;
			shellScript = "diff \"${PODS_PODFILE_DIR_PATH}/Podfile.lock\" \"${PODS_ROOT}/Manifest.lock\" > /dev/null\nif [ $? != 0 ] ; then\n    # print error to STDERR\n    echo \"error: The sandbox is not in sync with the Podfile.lock. Run 'pod install' or update your CocoaPods installation.\" >&2\n    exit 1\nfi\n# This output is used by Xcode 'outputs' to avoid re-running this script phase.\necho \"SUCCESS\" > \"${SCRIPT_OUTPUT_FILE_0}\"\n";
			showEnvVarsInLog = 0;
		};
/* End PBXShellScriptBuildPhase section */

/* Begin PBXSourcesBuildPhase section */
		AB519F582242C6CA00B27A8B /* Sources */ = {
			isa = PBXSourcesBuildPhase;
			buildActionMask = 2147483647;
			files = (
				AB12DBAE2242E8F500886A11 /* ARScanViewController+NavBar.swift in Sources */,
				AB38DCD622445F99008DC8C0 /* ThresholdPinchGestureRecognizer.swift in Sources */,
				D142BEE3224AACE400699881 /* ShipmentsCollectionViewCell.swift in Sources */,
				AB38DCF522446339008DC8C0 /* Tile.swift in Sources */,
				D1EAB21C224405BE00720412 /* ScannARMainCollectionView.swift in Sources */,
				D1EAB2262244597D00720412 /* WalkthroughViewController.swift in Sources */,
				D1EAB1D72242D64800720412 /* ProductsCollectionViewCell.swift in Sources */,
				AB38DCCB22445E3E008DC8C0 /* Message.swift in Sources */,
				D1EAB2142243B69900720412 /* SettingsViewController.swift in Sources */,
				D1EAB2042243B4CF00720412 /* ShipmentsDetailViewController.swift in Sources */,
				D1EAB21E224405D700720412 /* ScannARMainViewController.swift in Sources */,
				D1EAB23922492CEE00720412 /* Shipment+Convenience.swift in Sources */,
				ABC2C3B8224A857D0045A7D2 /* SavedARScansListViewController.swift in Sources */,
				AB38DCE32244626E008DC8C0 /* BoundingBoxSide.swift in Sources */,
				AB38DCE122446254008DC8C0 /* DetectedBoundingBox.swift in Sources */,
				AB38DD02224562D1008DC8C0 /* ARScanMenuScreenViewController.swift in Sources */,
				D1698DB0224B14E700250E4D /* APICallType.swift in Sources */,
				AB38DCF722446347008DC8C0 /* WireFrame.swift in Sources */,
				D1EAB2102243B67100720412 /* AccountViewController.swift in Sources */,
				D1EAB23722492B0100720412 /* CoreDataStack.swift in Sources */,
				D1EAB229224555B300720412 /* ScannARMainNavigationController.swift in Sources */,
				AB38DCE922446295008DC8C0 /* ObjectOrigin.swift in Sources */,
				AB38DCD222445EB7008DC8C0 /* FlashlightButton.swift in Sources */,
				AB46C545224B59960075EF30 /* AuthViewController.swift in Sources */,
				AB38DCF922446380008DC8C0 /* BoundingBox+Snapping.swift in Sources */,
				D1EAB2082243B50B00720412 /* ProductDetailViewController.swift in Sources */,
				AB38DCCE22445E5E008DC8C0 /* MessageLabel.swift in Sources */,
				D1EAB23F224934E400720412 /* Product+Encodable.swift in Sources */,
				AB38DCD022445E9C008DC8C0 /* RoundedButton.swift in Sources */,
				AB38DD0422456379008DC8C0 /* ARDetectViewController.swift in Sources */,
				AB12DBAC2242E8BB00886A11 /* ARScanViewController+ARSessionState.swift in Sources */,
				AB38DCE722446287008DC8C0 /* DetectedPointCloud.swift in Sources */,
				AB12DBB02242E91200886A11 /* ARScanViewController+SessionInfo.swift in Sources */,
				AB12DBAA2242E84F00886A11 /* ARScanViewController+Gestures.swift in Sources */,
				AB12DBA82242E50E00886A11 /* ARScanViewController.swift in Sources */,
				D1EAB23522492AC200720412 /* Product+Convenience.swift in Sources */,
				AB38DCDD22446161008DC8C0 /* Helpers+Utilities.swift in Sources */,
				AB38DCD422445F7C008DC8C0 /* ThresholdPanGestureRecognizer.swift in Sources */,
				AB12DBB52242EA5D00886A11 /* ARObjectDetectTestController.swift in Sources */,
				AB38DCDF22446244008DC8C0 /* BoundingBox.swift in Sources */,
				D1698DAB224AF31400250E4D /* CoreDataImporter.swift in Sources */,
				AB38DCDB224460DD008DC8C0 /* ARCamera+TrackingState.swift in Sources */,
				D1EAB2412249379D00720412 /* Shipment+Encodable.swift in Sources */,
				AB38DCEF224462FD008DC8C0 /* PointCloud+CreateVisualization.swift in Sources */,
				AB12DBB32242EA0E00886A11 /* ARScan.swift in Sources */,
				D1698DB2224B2D5600250E4D /* HTTPMethod.swift in Sources */,
				D1EAB23D22492D9700720412 /* ShipmentRepresentation.swift in Sources */,
				D1EAB22C224920C800720412 /* JSONWebToken.swift in Sources */,
				ABC2C3B7224A857D0045A7D2 /* ScannARNetworkingController.swift in Sources */,
				AB38DCF12244630F008DC8C0 /* ScannedObject.swift in Sources */,
				D1EAB2332249227800720412 /* ScannAR.xcdatamodeld in Sources */,
				D1EAB2222244138D00720412 /* LoginViewController.swift in Sources */,
				AB519F602242C6CA00B27A8B /* AppDelegate.swift in Sources */,
				AB38DCEB224462A4008DC8C0 /* ObjectOriginAxis.swift in Sources */,
				D1EAB23B22492D8200720412 /* ProductRepresentation.swift in Sources */,
				AB38DCE52244627B008DC8C0 /* DetectedObject.swift in Sources */,
				AB38DCD822445FB5008DC8C0 /* ThresholdRotationGestureRecognizer.swift in Sources */,
				AB38DCF322446324008DC8C0 /* ScannedPointCloud.swift in Sources */,
			);
			runOnlyForDeploymentPostprocessing = 0;
		};
		AB519F6E2242C6CB00B27A8B /* Sources */ = {
			isa = PBXSourcesBuildPhase;
			buildActionMask = 2147483647;
			files = (
				AB519F772242C6CB00B27A8B /* ScannARTests.swift in Sources */,
			);
			runOnlyForDeploymentPostprocessing = 0;
		};
		AB519F792242C6CB00B27A8B /* Sources */ = {
			isa = PBXSourcesBuildPhase;
			buildActionMask = 2147483647;
			files = (
				AB519F822242C6CB00B27A8B /* ScannARUITests.swift in Sources */,
			);
			runOnlyForDeploymentPostprocessing = 0;
		};
/* End PBXSourcesBuildPhase section */

/* Begin PBXTargetDependency section */
		AB519F742242C6CB00B27A8B /* PBXTargetDependency */ = {
			isa = PBXTargetDependency;
			target = AB519F5B2242C6CA00B27A8B /* ScannAR */;
			targetProxy = AB519F732242C6CB00B27A8B /* PBXContainerItemProxy */;
		};
		AB519F7F2242C6CB00B27A8B /* PBXTargetDependency */ = {
			isa = PBXTargetDependency;
			target = AB519F5B2242C6CA00B27A8B /* ScannAR */;
			targetProxy = AB519F7E2242C6CB00B27A8B /* PBXContainerItemProxy */;
		};
/* End PBXTargetDependency section */

/* Begin PBXVariantGroup section */
		AB519F652242C6CA00B27A8B /* Main.storyboard */ = {
			isa = PBXVariantGroup;
			children = (
				AB519F662242C6CA00B27A8B /* Base */,
			);
			name = Main.storyboard;
			sourceTree = "<group>";
		};
		AB519F6A2242C6CB00B27A8B /* LaunchScreen.storyboard */ = {
			isa = PBXVariantGroup;
			children = (
				AB519F6B2242C6CB00B27A8B /* Base */,
			);
			name = LaunchScreen.storyboard;
			sourceTree = "<group>";
		};
		ABB4C9EE2248BD7A0079E25D /* ARScan.storyboard */ = {
			isa = PBXVariantGroup;
			children = (
				ABB4C9ED2248BD7A0079E25D /* Base */,
			);
			name = ARScan.storyboard;
			path = "ARScanner Scene";
			sourceTree = "<group>";
		};
/* End PBXVariantGroup section */

/* Begin XCBuildConfiguration section */
		AB519F842242C6CB00B27A8B /* Debug */ = {
			isa = XCBuildConfiguration;
			buildSettings = {
				ALWAYS_SEARCH_USER_PATHS = NO;
				CLANG_ANALYZER_NONNULL = YES;
				CLANG_ANALYZER_NUMBER_OBJECT_CONVERSION = YES_AGGRESSIVE;
				CLANG_CXX_LANGUAGE_STANDARD = "gnu++14";
				CLANG_CXX_LIBRARY = "libc++";
				CLANG_ENABLE_MODULES = YES;
				CLANG_ENABLE_OBJC_ARC = YES;
				CLANG_ENABLE_OBJC_WEAK = YES;
				CLANG_WARN_BLOCK_CAPTURE_AUTORELEASING = YES;
				CLANG_WARN_BOOL_CONVERSION = YES;
				CLANG_WARN_COMMA = YES;
				CLANG_WARN_CONSTANT_CONVERSION = YES;
				CLANG_WARN_DEPRECATED_OBJC_IMPLEMENTATIONS = YES;
				CLANG_WARN_DIRECT_OBJC_ISA_USAGE = YES_ERROR;
				CLANG_WARN_DOCUMENTATION_COMMENTS = YES;
				CLANG_WARN_EMPTY_BODY = YES;
				CLANG_WARN_ENUM_CONVERSION = YES;
				CLANG_WARN_INFINITE_RECURSION = YES;
				CLANG_WARN_INT_CONVERSION = YES;
				CLANG_WARN_NON_LITERAL_NULL_CONVERSION = YES;
				CLANG_WARN_OBJC_IMPLICIT_RETAIN_SELF = YES;
				CLANG_WARN_OBJC_LITERAL_CONVERSION = YES;
				CLANG_WARN_OBJC_ROOT_CLASS = YES_ERROR;
				CLANG_WARN_RANGE_LOOP_ANALYSIS = YES;
				CLANG_WARN_STRICT_PROTOTYPES = YES;
				CLANG_WARN_SUSPICIOUS_MOVE = YES;
				CLANG_WARN_UNGUARDED_AVAILABILITY = YES_AGGRESSIVE;
				CLANG_WARN_UNREACHABLE_CODE = YES;
				CLANG_WARN__DUPLICATE_METHOD_MATCH = YES;
				CODE_SIGN_IDENTITY = "iPhone Developer";
				COPY_PHASE_STRIP = NO;
				DEBUG_INFORMATION_FORMAT = dwarf;
				ENABLE_STRICT_OBJC_MSGSEND = YES;
				ENABLE_TESTABILITY = YES;
				GCC_C_LANGUAGE_STANDARD = gnu11;
				GCC_DYNAMIC_NO_PIC = NO;
				GCC_NO_COMMON_BLOCKS = YES;
				GCC_OPTIMIZATION_LEVEL = 0;
				GCC_PREPROCESSOR_DEFINITIONS = (
					"DEBUG=1",
					"$(inherited)",
				);
				GCC_WARN_64_TO_32_BIT_CONVERSION = YES;
				GCC_WARN_ABOUT_RETURN_TYPE = YES_ERROR;
				GCC_WARN_UNDECLARED_SELECTOR = YES;
				GCC_WARN_UNINITIALIZED_AUTOS = YES_AGGRESSIVE;
				GCC_WARN_UNUSED_FUNCTION = YES;
				GCC_WARN_UNUSED_VARIABLE = YES;
				IPHONEOS_DEPLOYMENT_TARGET = 12.1;
				MTL_ENABLE_DEBUG_INFO = INCLUDE_SOURCE;
				MTL_FAST_MATH = YES;
				ONLY_ACTIVE_ARCH = YES;
				SDKROOT = iphoneos;
				SWIFT_ACTIVE_COMPILATION_CONDITIONS = DEBUG;
				SWIFT_OPTIMIZATION_LEVEL = "-Onone";
			};
			name = Debug;
		};
		AB519F852242C6CB00B27A8B /* Release */ = {
			isa = XCBuildConfiguration;
			buildSettings = {
				ALWAYS_SEARCH_USER_PATHS = NO;
				CLANG_ANALYZER_NONNULL = YES;
				CLANG_ANALYZER_NUMBER_OBJECT_CONVERSION = YES_AGGRESSIVE;
				CLANG_CXX_LANGUAGE_STANDARD = "gnu++14";
				CLANG_CXX_LIBRARY = "libc++";
				CLANG_ENABLE_MODULES = YES;
				CLANG_ENABLE_OBJC_ARC = YES;
				CLANG_ENABLE_OBJC_WEAK = YES;
				CLANG_WARN_BLOCK_CAPTURE_AUTORELEASING = YES;
				CLANG_WARN_BOOL_CONVERSION = YES;
				CLANG_WARN_COMMA = YES;
				CLANG_WARN_CONSTANT_CONVERSION = YES;
				CLANG_WARN_DEPRECATED_OBJC_IMPLEMENTATIONS = YES;
				CLANG_WARN_DIRECT_OBJC_ISA_USAGE = YES_ERROR;
				CLANG_WARN_DOCUMENTATION_COMMENTS = YES;
				CLANG_WARN_EMPTY_BODY = YES;
				CLANG_WARN_ENUM_CONVERSION = YES;
				CLANG_WARN_INFINITE_RECURSION = YES;
				CLANG_WARN_INT_CONVERSION = YES;
				CLANG_WARN_NON_LITERAL_NULL_CONVERSION = YES;
				CLANG_WARN_OBJC_IMPLICIT_RETAIN_SELF = YES;
				CLANG_WARN_OBJC_LITERAL_CONVERSION = YES;
				CLANG_WARN_OBJC_ROOT_CLASS = YES_ERROR;
				CLANG_WARN_RANGE_LOOP_ANALYSIS = YES;
				CLANG_WARN_STRICT_PROTOTYPES = YES;
				CLANG_WARN_SUSPICIOUS_MOVE = YES;
				CLANG_WARN_UNGUARDED_AVAILABILITY = YES_AGGRESSIVE;
				CLANG_WARN_UNREACHABLE_CODE = YES;
				CLANG_WARN__DUPLICATE_METHOD_MATCH = YES;
				CODE_SIGN_IDENTITY = "iPhone Developer";
				COPY_PHASE_STRIP = NO;
				DEBUG_INFORMATION_FORMAT = "dwarf-with-dsym";
				ENABLE_NS_ASSERTIONS = NO;
				ENABLE_STRICT_OBJC_MSGSEND = YES;
				GCC_C_LANGUAGE_STANDARD = gnu11;
				GCC_NO_COMMON_BLOCKS = YES;
				GCC_WARN_64_TO_32_BIT_CONVERSION = YES;
				GCC_WARN_ABOUT_RETURN_TYPE = YES_ERROR;
				GCC_WARN_UNDECLARED_SELECTOR = YES;
				GCC_WARN_UNINITIALIZED_AUTOS = YES_AGGRESSIVE;
				GCC_WARN_UNUSED_FUNCTION = YES;
				GCC_WARN_UNUSED_VARIABLE = YES;
				IPHONEOS_DEPLOYMENT_TARGET = 12.1;
				MTL_ENABLE_DEBUG_INFO = NO;
				MTL_FAST_MATH = YES;
				SDKROOT = iphoneos;
				SWIFT_COMPILATION_MODE = wholemodule;
				SWIFT_OPTIMIZATION_LEVEL = "-O";
				VALIDATE_PRODUCT = YES;
			};
			name = Release;
		};
		AB519F872242C6CB00B27A8B /* Debug */ = {
			isa = XCBuildConfiguration;
			baseConfigurationReference = D74D33CCBED514833B1EBD93 /* Pods-ScannAR.debug.xcconfig */;
			buildSettings = {
				ASSETCATALOG_COMPILER_APPICON_NAME = AppIcon;
				CODE_SIGN_STYLE = Automatic;
				DEVELOPMENT_TEAM = VXUQXR6S56;
				INFOPLIST_FILE = ScannAR/Info.plist;
				IPHONEOS_DEPLOYMENT_TARGET = 12.1;
				LD_RUNPATH_SEARCH_PATHS = (
					"$(inherited)",
					"@executable_path/Frameworks",
				);
				PRODUCT_BUNDLE_IDENTIFIER = com.lambdaschool.scannAR;
				PRODUCT_NAME = "$(TARGET_NAME)";
				SWIFT_VERSION = 5.0;
				TARGETED_DEVICE_FAMILY = "1,2";
			};
			name = Debug;
		};
		AB519F882242C6CB00B27A8B /* Release */ = {
			isa = XCBuildConfiguration;
			baseConfigurationReference = 545258C2D3EFFD5C41F33DE7 /* Pods-ScannAR.release.xcconfig */;
			buildSettings = {
				ASSETCATALOG_COMPILER_APPICON_NAME = AppIcon;
				CODE_SIGN_STYLE = Automatic;
				DEVELOPMENT_TEAM = VXUQXR6S56;
				INFOPLIST_FILE = ScannAR/Info.plist;
				IPHONEOS_DEPLOYMENT_TARGET = 12.1;
				LD_RUNPATH_SEARCH_PATHS = (
					"$(inherited)",
					"@executable_path/Frameworks",
				);
				PRODUCT_BUNDLE_IDENTIFIER = com.lambdaschool.scannAR;
				PRODUCT_NAME = "$(TARGET_NAME)";
				SWIFT_VERSION = 5.0;
				TARGETED_DEVICE_FAMILY = "1,2";
			};
			name = Release;
		};
		AB519F8A2242C6CB00B27A8B /* Debug */ = {
			isa = XCBuildConfiguration;
			baseConfigurationReference = 13E81132AFEE9F69F169A854 /* Pods-ScannARTests.debug.xcconfig */;
			buildSettings = {
				ALWAYS_EMBED_SWIFT_STANDARD_LIBRARIES = YES;
				BUNDLE_LOADER = "$(TEST_HOST)";
				CODE_SIGN_STYLE = Automatic;
				DEVELOPMENT_TEAM = VXUQXR6S56;
				INFOPLIST_FILE = ScannARTests/Info.plist;
				LD_RUNPATH_SEARCH_PATHS = (
					"$(inherited)",
					"@executable_path/Frameworks",
					"@loader_path/Frameworks",
				);
				PRODUCT_BUNDLE_IDENTIFIER = com.scannAR.ScannARTests;
				PRODUCT_NAME = "$(TARGET_NAME)";
				SWIFT_VERSION = 5.0;
				TARGETED_DEVICE_FAMILY = "1,2";
				TEST_HOST = "$(BUILT_PRODUCTS_DIR)/ScannAR.app/ScannAR";
			};
			name = Debug;
		};
		AB519F8B2242C6CB00B27A8B /* Release */ = {
			isa = XCBuildConfiguration;
			baseConfigurationReference = 9AA2499CF36E13C820240C79 /* Pods-ScannARTests.release.xcconfig */;
			buildSettings = {
				ALWAYS_EMBED_SWIFT_STANDARD_LIBRARIES = YES;
				BUNDLE_LOADER = "$(TEST_HOST)";
				CODE_SIGN_STYLE = Automatic;
				DEVELOPMENT_TEAM = VXUQXR6S56;
				INFOPLIST_FILE = ScannARTests/Info.plist;
				LD_RUNPATH_SEARCH_PATHS = (
					"$(inherited)",
					"@executable_path/Frameworks",
					"@loader_path/Frameworks",
				);
				PRODUCT_BUNDLE_IDENTIFIER = com.scannAR.ScannARTests;
				PRODUCT_NAME = "$(TARGET_NAME)";
				SWIFT_VERSION = 5.0;
				TARGETED_DEVICE_FAMILY = "1,2";
				TEST_HOST = "$(BUILT_PRODUCTS_DIR)/ScannAR.app/ScannAR";
			};
			name = Release;
		};
		AB519F8D2242C6CB00B27A8B /* Debug */ = {
			isa = XCBuildConfiguration;
			baseConfigurationReference = 3DE19E56F1985A9EAA554933 /* Pods-ScannARUITests.debug.xcconfig */;
			buildSettings = {
				ALWAYS_EMBED_SWIFT_STANDARD_LIBRARIES = YES;
				CODE_SIGN_STYLE = Automatic;
				DEVELOPMENT_TEAM = VXUQXR6S56;
				INFOPLIST_FILE = ScannARUITests/Info.plist;
				LD_RUNPATH_SEARCH_PATHS = (
					"$(inherited)",
					"@executable_path/Frameworks",
					"@loader_path/Frameworks",
				);
				PRODUCT_BUNDLE_IDENTIFIER = com.scannAR.ScannARUITests;
				PRODUCT_NAME = "$(TARGET_NAME)";
				SWIFT_VERSION = 5.0;
				TARGETED_DEVICE_FAMILY = "1,2";
				TEST_TARGET_NAME = ScannAR;
			};
			name = Debug;
		};
		AB519F8E2242C6CB00B27A8B /* Release */ = {
			isa = XCBuildConfiguration;
			baseConfigurationReference = 26ACD0EC6BC7F68E25CE8B93 /* Pods-ScannARUITests.release.xcconfig */;
			buildSettings = {
				ALWAYS_EMBED_SWIFT_STANDARD_LIBRARIES = YES;
				CODE_SIGN_STYLE = Automatic;
				DEVELOPMENT_TEAM = VXUQXR6S56;
				INFOPLIST_FILE = ScannARUITests/Info.plist;
				LD_RUNPATH_SEARCH_PATHS = (
					"$(inherited)",
					"@executable_path/Frameworks",
					"@loader_path/Frameworks",
				);
				PRODUCT_BUNDLE_IDENTIFIER = com.scannAR.ScannARUITests;
				PRODUCT_NAME = "$(TARGET_NAME)";
				SWIFT_VERSION = 5.0;
				TARGETED_DEVICE_FAMILY = "1,2";
				TEST_TARGET_NAME = ScannAR;
			};
			name = Release;
		};
/* End XCBuildConfiguration section */

/* Begin XCConfigurationList section */
		AB519F572242C6CA00B27A8B /* Build configuration list for PBXProject "ScannAR" */ = {
			isa = XCConfigurationList;
			buildConfigurations = (
				AB519F842242C6CB00B27A8B /* Debug */,
				AB519F852242C6CB00B27A8B /* Release */,
			);
			defaultConfigurationIsVisible = 0;
			defaultConfigurationName = Release;
		};
		AB519F862242C6CB00B27A8B /* Build configuration list for PBXNativeTarget "ScannAR" */ = {
			isa = XCConfigurationList;
			buildConfigurations = (
				AB519F872242C6CB00B27A8B /* Debug */,
				AB519F882242C6CB00B27A8B /* Release */,
			);
			defaultConfigurationIsVisible = 0;
			defaultConfigurationName = Release;
		};
		AB519F892242C6CB00B27A8B /* Build configuration list for PBXNativeTarget "ScannARTests" */ = {
			isa = XCConfigurationList;
			buildConfigurations = (
				AB519F8A2242C6CB00B27A8B /* Debug */,
				AB519F8B2242C6CB00B27A8B /* Release */,
			);
			defaultConfigurationIsVisible = 0;
			defaultConfigurationName = Release;
		};
		AB519F8C2242C6CB00B27A8B /* Build configuration list for PBXNativeTarget "ScannARUITests" */ = {
			isa = XCConfigurationList;
			buildConfigurations = (
				AB519F8D2242C6CB00B27A8B /* Debug */,
				AB519F8E2242C6CB00B27A8B /* Release */,
			);
			defaultConfigurationIsVisible = 0;
			defaultConfigurationName = Release;
		};
/* End XCConfigurationList section */

/* Begin XCVersionGroup section */
		D1EAB2312249227800720412 /* ScannAR.xcdatamodeld */ = {
			isa = XCVersionGroup;
			children = (
				D1EAB2322249227800720412 /* ScannAR.xcdatamodel */,
			);
			currentVersion = D1EAB2322249227800720412 /* ScannAR.xcdatamodel */;
			path = ScannAR.xcdatamodeld;
			sourceTree = "<group>";
			versionGroupType = wrapper.xcdatamodel;
		};
/* End XCVersionGroup section */
	};
	rootObject = AB519F542242C6CA00B27A8B /* Project object */;
}
